// !$*UTF8*$!
{
	archiveVersion = 1;
	classes = {
	};
	objectVersion = 50;
	objects = {

/* Begin PBXBuildFile section */
		2A15B9772556A2A700CF0238 /* StatisticallViewController.swift in Sources */ = {isa = PBXBuildFile; fileRef = 2A15B9752556A2A700CF0238 /* StatisticallViewController.swift */; };
		2A15B9782556A2A700CF0238 /* StatisticallViewController.xib in Resources */ = {isa = PBXBuildFile; fileRef = 2A15B9762556A2A700CF0238 /* StatisticallViewController.xib */; };
		2A15B9832556A8C500CF0238 /* DishViewController.swift in Sources */ = {isa = PBXBuildFile; fileRef = 2A15B9812556A8C500CF0238 /* DishViewController.swift */; };
		2A15B9842556A8C500CF0238 /* DishViewController.xib in Resources */ = {isa = PBXBuildFile; fileRef = 2A15B9822556A8C500CF0238 /* DishViewController.xib */; };
		2A280C78255398BF005EDDDC /* ListRestaurentViewController.swift in Sources */ = {isa = PBXBuildFile; fileRef = 2A280C76255398BF005EDDDC /* ListRestaurentViewController.swift */; };
		2A280C79255398BF005EDDDC /* ListRestaurentViewController.xib in Resources */ = {isa = PBXBuildFile; fileRef = 2A280C77255398BF005EDDDC /* ListRestaurentViewController.xib */; };
		2A280C8325539965005EDDDC /* ListRestaurentTableViewCell.swift in Sources */ = {isa = PBXBuildFile; fileRef = 2A280C8125539965005EDDDC /* ListRestaurentTableViewCell.swift */; };
		2A280C8425539965005EDDDC /* ListRestaurentTableViewCell.xib in Resources */ = {isa = PBXBuildFile; fileRef = 2A280C8225539965005EDDDC /* ListRestaurentTableViewCell.xib */; };
		2A280C972553A0EC005EDDDC /* DetailsRestaurentViewController.swift in Sources */ = {isa = PBXBuildFile; fileRef = 2A280C952553A0EC005EDDDC /* DetailsRestaurentViewController.swift */; };
		2A280C982553A0EC005EDDDC /* DetailsRestaurentViewController.xib in Resources */ = {isa = PBXBuildFile; fileRef = 2A280C962553A0EC005EDDDC /* DetailsRestaurentViewController.xib */; };
		2A280CA12553A465005EDDDC /* PromosTableViewCell.swift in Sources */ = {isa = PBXBuildFile; fileRef = 2A280C9F2553A465005EDDDC /* PromosTableViewCell.swift */; };
		2A280CA22553A465005EDDDC /* PromosTableViewCell.xib in Resources */ = {isa = PBXBuildFile; fileRef = 2A280CA02553A465005EDDDC /* PromosTableViewCell.xib */; };
		2A280CAE2553AADE005EDDDC /* PopSaveRestaurentViewController.swift in Sources */ = {isa = PBXBuildFile; fileRef = 2A280CAC2553AADE005EDDDC /* PopSaveRestaurentViewController.swift */; };
		2A280CAF2553AADE005EDDDC /* PopSaveRestaurentViewController.xib in Resources */ = {isa = PBXBuildFile; fileRef = 2A280CAD2553AADE005EDDDC /* PopSaveRestaurentViewController.xib */; };
		2A280CBA2553AE88005EDDDC /* PopAddPromoViewController.swift in Sources */ = {isa = PBXBuildFile; fileRef = 2A280CB82553AE88005EDDDC /* PopAddPromoViewController.swift */; };
		2A280CBB2553AE88005EDDDC /* PopAddPromoViewController.xib in Resources */ = {isa = PBXBuildFile; fileRef = 2A280CB92553AE88005EDDDC /* PopAddPromoViewController.xib */; };
		2A3C63162552CF8C00996077 /* AppDelegate.swift in Sources */ = {isa = PBXBuildFile; fileRef = 2A3C63152552CF8C00996077 /* AppDelegate.swift */; };
		2A3C63182552CF8C00996077 /* SceneDelegate.swift in Sources */ = {isa = PBXBuildFile; fileRef = 2A3C63172552CF8C00996077 /* SceneDelegate.swift */; };
		2A3C631F2552CF8D00996077 /* Assets.xcassets in Resources */ = {isa = PBXBuildFile; fileRef = 2A3C631E2552CF8D00996077 /* Assets.xcassets */; };
		2A3C63222552CF8D00996077 /* LaunchScreen.storyboard in Resources */ = {isa = PBXBuildFile; fileRef = 2A3C63202552CF8D00996077 /* LaunchScreen.storyboard */; };
		2A3C632D2552CF8D00996077 /* FoodAppTests.swift in Sources */ = {isa = PBXBuildFile; fileRef = 2A3C632C2552CF8D00996077 /* FoodAppTests.swift */; };
		2A3C63382552CF8E00996077 /* FoodAppUITests.swift in Sources */ = {isa = PBXBuildFile; fileRef = 2A3C63372552CF8E00996077 /* FoodAppUITests.swift */; };
		2A3C63522552D1CC00996077 /* SignInViewController.swift in Sources */ = {isa = PBXBuildFile; fileRef = 2A3C63502552D1CC00996077 /* SignInViewController.swift */; };
		2A3C63532552D1CC00996077 /* SignInViewController.xib in Resources */ = {isa = PBXBuildFile; fileRef = 2A3C63512552D1CC00996077 /* SignInViewController.xib */; };
		2A3C63602552D81B00996077 /* SignUpViewController.swift in Sources */ = {isa = PBXBuildFile; fileRef = 2A3C635E2552D81B00996077 /* SignUpViewController.swift */; };
		2A3C63612552D81B00996077 /* SignUpViewController.xib in Resources */ = {isa = PBXBuildFile; fileRef = 2A3C635F2552D81B00996077 /* SignUpViewController.xib */; };
		2A3C636D2552DC4D00996077 /* AdminHomeViewController.swift in Sources */ = {isa = PBXBuildFile; fileRef = 2A3C636B2552DC4D00996077 /* AdminHomeViewController.swift */; };
		2A3C636E2552DC4D00996077 /* AdminHomeViewController.xib in Resources */ = {isa = PBXBuildFile; fileRef = 2A3C636C2552DC4D00996077 /* AdminHomeViewController.xib */; };
		2A3C637B2552E1B800996077 /* TypeRestaurentCollectionViewCell.swift in Sources */ = {isa = PBXBuildFile; fileRef = 2A3C63792552E1B800996077 /* TypeRestaurentCollectionViewCell.swift */; };
		2A3C637C2552E1B800996077 /* TypeRestaurentCollectionViewCell.xib in Resources */ = {isa = PBXBuildFile; fileRef = 2A3C637A2552E1B800996077 /* TypeRestaurentCollectionViewCell.xib */; };
		2A3C63822552E37400996077 /* InfoRestaurentModel.swift in Sources */ = {isa = PBXBuildFile; fileRef = 2A3C63812552E37400996077 /* InfoRestaurentModel.swift */; };
		2A78784E2559733C00EE7391 /* DishTableViewCell.swift in Sources */ = {isa = PBXBuildFile; fileRef = 2A78784C2559733C00EE7391 /* DishTableViewCell.swift */; };
		2A78784F2559733C00EE7391 /* DishTableViewCell.xib in Resources */ = {isa = PBXBuildFile; fileRef = 2A78784D2559733C00EE7391 /* DishTableViewCell.xib */; };
		2A78785825597A1200EE7391 /* AddDishsViewController.swift in Sources */ = {isa = PBXBuildFile; fileRef = 2A78785625597A1200EE7391 /* AddDishsViewController.swift */; };
		2A78785925597A1200EE7391 /* AddDishsViewController.xib in Resources */ = {isa = PBXBuildFile; fileRef = 2A78785725597A1200EE7391 /* AddDishsViewController.xib */; };
		2A78785F25597F6C00EE7391 /* StatusDishViewController.swift in Sources */ = {isa = PBXBuildFile; fileRef = 2A78785D25597F6C00EE7391 /* StatusDishViewController.swift */; };
		2A78786025597F6C00EE7391 /* StatusDishViewController.xib in Resources */ = {isa = PBXBuildFile; fileRef = 2A78785E25597F6C00EE7391 /* StatusDishViewController.xib */; };
		2A78786925598D6600EE7391 /* UsersHomeViewController.swift in Sources */ = {isa = PBXBuildFile; fileRef = 2A78786725598D6600EE7391 /* UsersHomeViewController.swift */; };
		2A78786A25598D6600EE7391 /* UsersHomeViewController.xib in Resources */ = {isa = PBXBuildFile; fileRef = 2A78786825598D6600EE7391 /* UsersHomeViewController.xib */; };
		2A86E136255645CF00C1647F /* RestaurentHomeViewController.swift in Sources */ = {isa = PBXBuildFile; fileRef = 2A86E134255645CF00C1647F /* RestaurentHomeViewController.swift */; };
		2A86E137255645CF00C1647F /* RestaurentHomeViewController.xib in Resources */ = {isa = PBXBuildFile; fileRef = 2A86E135255645CF00C1647F /* RestaurentHomeViewController.xib */; };
		2A86E14125564B4200C1647F /* RestaurentCatagoryTableViewCell.swift in Sources */ = {isa = PBXBuildFile; fileRef = 2A86E13F25564B4200C1647F /* RestaurentCatagoryTableViewCell.swift */; };
		2A86E14225564B4200C1647F /* RestaurentCatagoryTableViewCell.xib in Resources */ = {isa = PBXBuildFile; fileRef = 2A86E14025564B4200C1647F /* RestaurentCatagoryTableViewCell.xib */; };
		2A86E14D255653A700C1647F /* AddCatagoryViewController.swift in Sources */ = {isa = PBXBuildFile; fileRef = 2A86E14B255653A700C1647F /* AddCatagoryViewController.swift */; };
		2A86E14E255653A700C1647F /* AddCatagoryViewController.xib in Resources */ = {isa = PBXBuildFile; fileRef = 2A86E14C255653A700C1647F /* AddCatagoryViewController.xib */; };
/* End PBXBuildFile section */

/* Begin PBXContainerItemProxy section */
		2A3C63292552CF8D00996077 /* PBXContainerItemProxy */ = {
			isa = PBXContainerItemProxy;
			containerPortal = 2A3C630A2552CF8C00996077 /* Project object */;
			proxyType = 1;
			remoteGlobalIDString = 2A3C63112552CF8C00996077;
			remoteInfo = FoodApp;
		};
		2A3C63342552CF8E00996077 /* PBXContainerItemProxy */ = {
			isa = PBXContainerItemProxy;
			containerPortal = 2A3C630A2552CF8C00996077 /* Project object */;
			proxyType = 1;
			remoteGlobalIDString = 2A3C63112552CF8C00996077;
			remoteInfo = FoodApp;
		};
/* End PBXContainerItemProxy section */

/* Begin PBXFileReference section */
		2A15B9752556A2A700CF0238 /* StatisticallViewController.swift */ = {isa = PBXFileReference; lastKnownFileType = sourcecode.swift; path = StatisticallViewController.swift; sourceTree = "<group>"; };
		2A15B9762556A2A700CF0238 /* StatisticallViewController.xib */ = {isa = PBXFileReference; lastKnownFileType = file.xib; path = StatisticallViewController.xib; sourceTree = "<group>"; };
		2A15B9812556A8C500CF0238 /* DishViewController.swift */ = {isa = PBXFileReference; lastKnownFileType = sourcecode.swift; path = DishViewController.swift; sourceTree = "<group>"; };
		2A15B9822556A8C500CF0238 /* DishViewController.xib */ = {isa = PBXFileReference; lastKnownFileType = file.xib; path = DishViewController.xib; sourceTree = "<group>"; };
		2A280C76255398BF005EDDDC /* ListRestaurentViewController.swift */ = {isa = PBXFileReference; lastKnownFileType = sourcecode.swift; path = ListRestaurentViewController.swift; sourceTree = "<group>"; };
		2A280C77255398BF005EDDDC /* ListRestaurentViewController.xib */ = {isa = PBXFileReference; lastKnownFileType = file.xib; path = ListRestaurentViewController.xib; sourceTree = "<group>"; };
		2A280C8125539965005EDDDC /* ListRestaurentTableViewCell.swift */ = {isa = PBXFileReference; lastKnownFileType = sourcecode.swift; path = ListRestaurentTableViewCell.swift; sourceTree = "<group>"; };
		2A280C8225539965005EDDDC /* ListRestaurentTableViewCell.xib */ = {isa = PBXFileReference; lastKnownFileType = file.xib; path = ListRestaurentTableViewCell.xib; sourceTree = "<group>"; };
		2A280C952553A0EC005EDDDC /* DetailsRestaurentViewController.swift */ = {isa = PBXFileReference; lastKnownFileType = sourcecode.swift; path = DetailsRestaurentViewController.swift; sourceTree = "<group>"; };
		2A280C962553A0EC005EDDDC /* DetailsRestaurentViewController.xib */ = {isa = PBXFileReference; lastKnownFileType = file.xib; path = DetailsRestaurentViewController.xib; sourceTree = "<group>"; };
		2A280C9F2553A465005EDDDC /* PromosTableViewCell.swift */ = {isa = PBXFileReference; lastKnownFileType = sourcecode.swift; path = PromosTableViewCell.swift; sourceTree = "<group>"; };
		2A280CA02553A465005EDDDC /* PromosTableViewCell.xib */ = {isa = PBXFileReference; lastKnownFileType = file.xib; path = PromosTableViewCell.xib; sourceTree = "<group>"; };
		2A280CAC2553AADE005EDDDC /* PopSaveRestaurentViewController.swift */ = {isa = PBXFileReference; lastKnownFileType = sourcecode.swift; path = PopSaveRestaurentViewController.swift; sourceTree = "<group>"; };
		2A280CAD2553AADE005EDDDC /* PopSaveRestaurentViewController.xib */ = {isa = PBXFileReference; lastKnownFileType = file.xib; path = PopSaveRestaurentViewController.xib; sourceTree = "<group>"; };
		2A280CB82553AE88005EDDDC /* PopAddPromoViewController.swift */ = {isa = PBXFileReference; lastKnownFileType = sourcecode.swift; path = PopAddPromoViewController.swift; sourceTree = "<group>"; };
		2A280CB92553AE88005EDDDC /* PopAddPromoViewController.xib */ = {isa = PBXFileReference; lastKnownFileType = file.xib; path = PopAddPromoViewController.xib; sourceTree = "<group>"; };
		2A3C63122552CF8C00996077 /* FoodApp.app */ = {isa = PBXFileReference; explicitFileType = wrapper.application; includeInIndex = 0; path = FoodApp.app; sourceTree = BUILT_PRODUCTS_DIR; };
		2A3C63152552CF8C00996077 /* AppDelegate.swift */ = {isa = PBXFileReference; lastKnownFileType = sourcecode.swift; path = AppDelegate.swift; sourceTree = "<group>"; };
		2A3C63172552CF8C00996077 /* SceneDelegate.swift */ = {isa = PBXFileReference; lastKnownFileType = sourcecode.swift; path = SceneDelegate.swift; sourceTree = "<group>"; };
		2A3C631E2552CF8D00996077 /* Assets.xcassets */ = {isa = PBXFileReference; lastKnownFileType = folder.assetcatalog; path = Assets.xcassets; sourceTree = "<group>"; };
		2A3C63212552CF8D00996077 /* Base */ = {isa = PBXFileReference; lastKnownFileType = file.storyboard; name = Base; path = Base.lproj/LaunchScreen.storyboard; sourceTree = "<group>"; };
		2A3C63232552CF8D00996077 /* Info.plist */ = {isa = PBXFileReference; lastKnownFileType = text.plist.xml; path = Info.plist; sourceTree = "<group>"; };
		2A3C63282552CF8D00996077 /* FoodAppTests.xctest */ = {isa = PBXFileReference; explicitFileType = wrapper.cfbundle; includeInIndex = 0; path = FoodAppTests.xctest; sourceTree = BUILT_PRODUCTS_DIR; };
		2A3C632C2552CF8D00996077 /* FoodAppTests.swift */ = {isa = PBXFileReference; lastKnownFileType = sourcecode.swift; path = FoodAppTests.swift; sourceTree = "<group>"; };
		2A3C632E2552CF8D00996077 /* Info.plist */ = {isa = PBXFileReference; lastKnownFileType = text.plist.xml; path = Info.plist; sourceTree = "<group>"; };
		2A3C63332552CF8E00996077 /* FoodAppUITests.xctest */ = {isa = PBXFileReference; explicitFileType = wrapper.cfbundle; includeInIndex = 0; path = FoodAppUITests.xctest; sourceTree = BUILT_PRODUCTS_DIR; };
		2A3C63372552CF8E00996077 /* FoodAppUITests.swift */ = {isa = PBXFileReference; lastKnownFileType = sourcecode.swift; path = FoodAppUITests.swift; sourceTree = "<group>"; };
		2A3C63392552CF8E00996077 /* Info.plist */ = {isa = PBXFileReference; lastKnownFileType = text.plist.xml; path = Info.plist; sourceTree = "<group>"; };
		2A3C63502552D1CC00996077 /* SignInViewController.swift */ = {isa = PBXFileReference; lastKnownFileType = sourcecode.swift; path = SignInViewController.swift; sourceTree = "<group>"; };
		2A3C63512552D1CC00996077 /* SignInViewController.xib */ = {isa = PBXFileReference; lastKnownFileType = file.xib; path = SignInViewController.xib; sourceTree = "<group>"; };
		2A3C635E2552D81B00996077 /* SignUpViewController.swift */ = {isa = PBXFileReference; lastKnownFileType = sourcecode.swift; path = SignUpViewController.swift; sourceTree = "<group>"; };
		2A3C635F2552D81B00996077 /* SignUpViewController.xib */ = {isa = PBXFileReference; lastKnownFileType = file.xib; path = SignUpViewController.xib; sourceTree = "<group>"; };
		2A3C636B2552DC4D00996077 /* AdminHomeViewController.swift */ = {isa = PBXFileReference; lastKnownFileType = sourcecode.swift; path = AdminHomeViewController.swift; sourceTree = "<group>"; };
		2A3C636C2552DC4D00996077 /* AdminHomeViewController.xib */ = {isa = PBXFileReference; lastKnownFileType = file.xib; path = AdminHomeViewController.xib; sourceTree = "<group>"; };
		2A3C63792552E1B800996077 /* TypeRestaurentCollectionViewCell.swift */ = {isa = PBXFileReference; lastKnownFileType = sourcecode.swift; path = TypeRestaurentCollectionViewCell.swift; sourceTree = "<group>"; };
		2A3C637A2552E1B800996077 /* TypeRestaurentCollectionViewCell.xib */ = {isa = PBXFileReference; lastKnownFileType = file.xib; path = TypeRestaurentCollectionViewCell.xib; sourceTree = "<group>"; };
		2A3C63812552E37400996077 /* InfoRestaurentModel.swift */ = {isa = PBXFileReference; lastKnownFileType = sourcecode.swift; path = InfoRestaurentModel.swift; sourceTree = "<group>"; };
		2A78784C2559733C00EE7391 /* DishTableViewCell.swift */ = {isa = PBXFileReference; lastKnownFileType = sourcecode.swift; path = DishTableViewCell.swift; sourceTree = "<group>"; };
		2A78784D2559733C00EE7391 /* DishTableViewCell.xib */ = {isa = PBXFileReference; lastKnownFileType = file.xib; path = DishTableViewCell.xib; sourceTree = "<group>"; };
		2A78785625597A1200EE7391 /* AddDishsViewController.swift */ = {isa = PBXFileReference; lastKnownFileType = sourcecode.swift; path = AddDishsViewController.swift; sourceTree = "<group>"; };
		2A78785725597A1200EE7391 /* AddDishsViewController.xib */ = {isa = PBXFileReference; lastKnownFileType = file.xib; path = AddDishsViewController.xib; sourceTree = "<group>"; };
		2A78785D25597F6C00EE7391 /* StatusDishViewController.swift */ = {isa = PBXFileReference; lastKnownFileType = sourcecode.swift; path = StatusDishViewController.swift; sourceTree = "<group>"; };
		2A78785E25597F6C00EE7391 /* StatusDishViewController.xib */ = {isa = PBXFileReference; lastKnownFileType = file.xib; path = StatusDishViewController.xib; sourceTree = "<group>"; };
		2A78786725598D6600EE7391 /* UsersHomeViewController.swift */ = {isa = PBXFileReference; lastKnownFileType = sourcecode.swift; path = UsersHomeViewController.swift; sourceTree = "<group>"; };
		2A78786825598D6600EE7391 /* UsersHomeViewController.xib */ = {isa = PBXFileReference; lastKnownFileType = file.xib; path = UsersHomeViewController.xib; sourceTree = "<group>"; };
		2A86E134255645CF00C1647F /* RestaurentHomeViewController.swift */ = {isa = PBXFileReference; lastKnownFileType = sourcecode.swift; path = RestaurentHomeViewController.swift; sourceTree = "<group>"; };
		2A86E135255645CF00C1647F /* RestaurentHomeViewController.xib */ = {isa = PBXFileReference; lastKnownFileType = file.xib; path = RestaurentHomeViewController.xib; sourceTree = "<group>"; };
		2A86E13F25564B4200C1647F /* RestaurentCatagoryTableViewCell.swift */ = {isa = PBXFileReference; lastKnownFileType = sourcecode.swift; path = RestaurentCatagoryTableViewCell.swift; sourceTree = "<group>"; };
		2A86E14025564B4200C1647F /* RestaurentCatagoryTableViewCell.xib */ = {isa = PBXFileReference; lastKnownFileType = file.xib; path = RestaurentCatagoryTableViewCell.xib; sourceTree = "<group>"; };
		2A86E14B255653A700C1647F /* AddCatagoryViewController.swift */ = {isa = PBXFileReference; lastKnownFileType = sourcecode.swift; path = AddCatagoryViewController.swift; sourceTree = "<group>"; };
		2A86E14C255653A700C1647F /* AddCatagoryViewController.xib */ = {isa = PBXFileReference; lastKnownFileType = file.xib; path = AddCatagoryViewController.xib; sourceTree = "<group>"; };
/* End PBXFileReference section */

/* Begin PBXFrameworksBuildPhase section */
		2A3C630F2552CF8C00996077 /* Frameworks */ = {
			isa = PBXFrameworksBuildPhase;
			buildActionMask = 2147483647;
			files = (
			);
			runOnlyForDeploymentPostprocessing = 0;
		};
		2A3C63252552CF8D00996077 /* Frameworks */ = {
			isa = PBXFrameworksBuildPhase;
			buildActionMask = 2147483647;
			files = (
			);
			runOnlyForDeploymentPostprocessing = 0;
		};
		2A3C63302552CF8E00996077 /* Frameworks */ = {
			isa = PBXFrameworksBuildPhase;
			buildActionMask = 2147483647;
			files = (
			);
			runOnlyForDeploymentPostprocessing = 0;
		};
/* End PBXFrameworksBuildPhase section */

/* Begin PBXGroup section */
		2A15B97F2556A87F00CF0238 /* Dish */ = {
			isa = PBXGroup;
			children = (
				2A78784B255972F900EE7391 /* View */,
				2A15B9802556A8AD00CF0238 /* ViewController */,
			);
			path = Dish;
			sourceTree = "<group>";
		};
		2A15B9802556A8AD00CF0238 /* ViewController */ = {
			isa = PBXGroup;
			children = (
				2A15B9812556A8C500CF0238 /* DishViewController.swift */,
				2A15B9822556A8C500CF0238 /* DishViewController.xib */,
			);
			path = ViewController;
			sourceTree = "<group>";
		};
		2A280C7425539888005EDDDC /* ListRestaurent */ = {
			isa = PBXGroup;
			children = (
				2A280C8E25539C2B005EDDDC /* Model */,
				2A280C8025539936005EDDDC /* View */,
				2A280C752553989B005EDDDC /* ViewController */,
			);
			path = ListRestaurent;
			sourceTree = "<group>";
		};
		2A280C752553989B005EDDDC /* ViewController */ = {
			isa = PBXGroup;
			children = (
				2A280C76255398BF005EDDDC /* ListRestaurentViewController.swift */,
				2A280C77255398BF005EDDDC /* ListRestaurentViewController.xib */,
			);
			path = ViewController;
			sourceTree = "<group>";
		};
		2A280C8025539936005EDDDC /* View */ = {
			isa = PBXGroup;
			children = (
				2A280C8125539965005EDDDC /* ListRestaurentTableViewCell.swift */,
				2A280C8225539965005EDDDC /* ListRestaurentTableViewCell.xib */,
			);
			path = View;
			sourceTree = "<group>";
		};
		2A280C8E25539C2B005EDDDC /* Model */ = {
			isa = PBXGroup;
			children = (
				2A3C63812552E37400996077 /* InfoRestaurentModel.swift */,
			);
			path = Model;
			sourceTree = "<group>";
		};
		2A280C9C2553A40E005EDDDC /* DetailsRestaurent */ = {
			isa = PBXGroup;
			children = (
				2A280C9E2553A438005EDDDC /* View */,
				2A280C9D2553A425005EDDDC /* ViewController */,
			);
			path = DetailsRestaurent;
			sourceTree = "<group>";
		};
		2A280C9D2553A425005EDDDC /* ViewController */ = {
			isa = PBXGroup;
			children = (
				2A280C952553A0EC005EDDDC /* DetailsRestaurentViewController.swift */,
				2A280C962553A0EC005EDDDC /* DetailsRestaurentViewController.xib */,
			);
			path = ViewController;
			sourceTree = "<group>";
		};
		2A280C9E2553A438005EDDDC /* View */ = {
			isa = PBXGroup;
			children = (
				2A280C9F2553A465005EDDDC /* PromosTableViewCell.swift */,
				2A280CA02553A465005EDDDC /* PromosTableViewCell.xib */,
			);
			path = View;
			sourceTree = "<group>";
		};
		2A280CB32553AAE4005EDDDC /* PopView */ = {
			isa = PBXGroup;
			children = (
				2A280CB42553AB09005EDDDC /* ViewController */,
			);
			path = PopView;
			sourceTree = "<group>";
		};
		2A280CB42553AB09005EDDDC /* ViewController */ = {
			isa = PBXGroup;
			children = (
				2A280CAC2553AADE005EDDDC /* PopSaveRestaurentViewController.swift */,
				2A280CAD2553AADE005EDDDC /* PopSaveRestaurentViewController.xib */,
				2A280CB82553AE88005EDDDC /* PopAddPromoViewController.swift */,
				2A280CB92553AE88005EDDDC /* PopAddPromoViewController.xib */,
			);
			path = ViewController;
			sourceTree = "<group>";
		};
		2A3C63092552CF8C00996077 = {
			isa = PBXGroup;
			children = (
				2A3C63142552CF8C00996077 /* FoodApp */,
				2A3C632B2552CF8D00996077 /* FoodAppTests */,
				2A3C63362552CF8E00996077 /* FoodAppUITests */,
				2A3C63132552CF8C00996077 /* Products */,
			);
			sourceTree = "<group>";
		};
		2A3C63132552CF8C00996077 /* Products */ = {
			isa = PBXGroup;
			children = (
				2A3C63122552CF8C00996077 /* FoodApp.app */,
				2A3C63282552CF8D00996077 /* FoodAppTests.xctest */,
				2A3C63332552CF8E00996077 /* FoodAppUITests.xctest */,
			);
			name = Products;
			sourceTree = "<group>";
		};
		2A3C63142552CF8C00996077 /* FoodApp */ = {
			isa = PBXGroup;
			children = (
				2A3C634B2552CFF100996077 /* Screen */,
				2A3C63152552CF8C00996077 /* AppDelegate.swift */,
				2A3C63172552CF8C00996077 /* SceneDelegate.swift */,
				2A3C631E2552CF8D00996077 /* Assets.xcassets */,
				2A3C63202552CF8D00996077 /* LaunchScreen.storyboard */,
				2A3C63232552CF8D00996077 /* Info.plist */,
			);
			path = FoodApp;
			sourceTree = "<group>";
		};
		2A3C632B2552CF8D00996077 /* FoodAppTests */ = {
			isa = PBXGroup;
			children = (
				2A3C632C2552CF8D00996077 /* FoodAppTests.swift */,
				2A3C632E2552CF8D00996077 /* Info.plist */,
			);
			path = FoodAppTests;
			sourceTree = "<group>";
		};
		2A3C63362552CF8E00996077 /* FoodAppUITests */ = {
			isa = PBXGroup;
			children = (
				2A3C63372552CF8E00996077 /* FoodAppUITests.swift */,
				2A3C63392552CF8E00996077 /* Info.plist */,
			);
			path = FoodAppUITests;
			sourceTree = "<group>";
		};
		2A3C634B2552CFF100996077 /* Screen */ = {
			isa = PBXGroup;
			children = (
				2A78786425598CEC00EE7391 /* Users */,
				2A86E1312556456900C1647F /* Restaurent */,
				2A3C63682552DC0C00996077 /* Admin */,
				2A3C634C2552CFFA00996077 /* Account */,
			);
			path = Screen;
			sourceTree = "<group>";
		};
		2A3C634C2552CFFA00996077 /* Account */ = {
			isa = PBXGroup;
			children = (
				2A3C634E2552D19A00996077 /* SignUp */,
				2A3C634D2552D19100996077 /* SignIn */,
			);
			path = Account;
			sourceTree = "<group>";
		};
		2A3C634D2552D19100996077 /* SignIn */ = {
			isa = PBXGroup;
			children = (
				2A3C634F2552D1A500996077 /* ViewController */,
			);
			path = SignIn;
			sourceTree = "<group>";
		};
		2A3C634E2552D19A00996077 /* SignUp */ = {
			isa = PBXGroup;
			children = (
				2A3C635D2552D7DE00996077 /* ViewController */,
			);
			path = SignUp;
			sourceTree = "<group>";
		};
		2A3C634F2552D1A500996077 /* ViewController */ = {
			isa = PBXGroup;
			children = (
				2A3C63502552D1CC00996077 /* SignInViewController.swift */,
				2A3C63512552D1CC00996077 /* SignInViewController.xib */,
			);
			path = ViewController;
			sourceTree = "<group>";
		};
		2A3C635D2552D7DE00996077 /* ViewController */ = {
			isa = PBXGroup;
			children = (
				2A3C635E2552D81B00996077 /* SignUpViewController.swift */,
				2A3C635F2552D81B00996077 /* SignUpViewController.xib */,
			);
			path = ViewController;
			sourceTree = "<group>";
		};
		2A3C63682552DC0C00996077 /* Admin */ = {
			isa = PBXGroup;
			children = (
				2A280CB32553AAE4005EDDDC /* PopView */,
				2A280C9C2553A40E005EDDDC /* DetailsRestaurent */,
				2A280C7425539888005EDDDC /* ListRestaurent */,
				2A3C63692552DC1600996077 /* Home */,
			);
			path = Admin;
			sourceTree = "<group>";
		};
		2A3C63692552DC1600996077 /* Home */ = {
			isa = PBXGroup;
			children = (
				2A3C63802552E35D00996077 /* Model */,
				2A3C63752552E16100996077 /* View */,
				2A3C636A2552DC2300996077 /* ViewController */,
			);
			path = Home;
			sourceTree = "<group>";
		};
		2A3C636A2552DC2300996077 /* ViewController */ = {
			isa = PBXGroup;
			children = (
				2A3C636B2552DC4D00996077 /* AdminHomeViewController.swift */,
				2A3C636C2552DC4D00996077 /* AdminHomeViewController.xib */,
			);
			path = ViewController;
			sourceTree = "<group>";
		};
		2A3C63752552E16100996077 /* View */ = {
			isa = PBXGroup;
			children = (
				2A3C63792552E1B800996077 /* TypeRestaurentCollectionViewCell.swift */,
				2A3C637A2552E1B800996077 /* TypeRestaurentCollectionViewCell.xib */,
			);
			path = View;
			sourceTree = "<group>";
		};
		2A3C63802552E35D00996077 /* Model */ = {
			isa = PBXGroup;
			children = (
			);
			path = Model;
			sourceTree = "<group>";
		};
		2A78784B255972F900EE7391 /* View */ = {
			isa = PBXGroup;
			children = (
				2A78784C2559733C00EE7391 /* DishTableViewCell.swift */,
				2A78784D2559733C00EE7391 /* DishTableViewCell.xib */,
			);
			path = View;
			sourceTree = "<group>";
		};
		2A78786425598CEC00EE7391 /* Users */ = {
			isa = PBXGroup;
			children = (
				2A78786525598CF600EE7391 /* Home */,
			);
			path = Users;
			sourceTree = "<group>";
		};
		2A78786525598CF600EE7391 /* Home */ = {
			isa = PBXGroup;
			children = (
				2A78786625598CFC00EE7391 /* ViewController */,
			);
			path = Home;
			sourceTree = "<group>";
		};
		2A78786625598CFC00EE7391 /* ViewController */ = {
			isa = PBXGroup;
			children = (
				2A78786725598D6600EE7391 /* UsersHomeViewController.swift */,
				2A78786825598D6600EE7391 /* UsersHomeViewController.xib */,
			);
			path = ViewController;
			sourceTree = "<group>";
		};
		2A86E1312556456900C1647F /* Restaurent */ = {
			isa = PBXGroup;
			children = (
				2A15B97F2556A87F00CF0238 /* Dish */,
				2A86E1492556531900C1647F /* PopView */,
				2A86E1322556457F00C1647F /* Home */,
			);
			path = Restaurent;
			sourceTree = "<group>";
		};
		2A86E1322556457F00C1647F /* Home */ = {
			isa = PBXGroup;
			children = (
				2A86E13E25564AF800C1647F /* View */,
				2A86E1332556459100C1647F /* ViewController */,
			);
			path = Home;
			sourceTree = "<group>";
		};
		2A86E1332556459100C1647F /* ViewController */ = {
			isa = PBXGroup;
			children = (
				2A86E134255645CF00C1647F /* RestaurentHomeViewController.swift */,
				2A86E135255645CF00C1647F /* RestaurentHomeViewController.xib */,
			);
			path = ViewController;
			sourceTree = "<group>";
		};
		2A86E13E25564AF800C1647F /* View */ = {
			isa = PBXGroup;
			children = (
				2A86E13F25564B4200C1647F /* RestaurentCatagoryTableViewCell.swift */,
				2A86E14025564B4200C1647F /* RestaurentCatagoryTableViewCell.xib */,
			);
			path = View;
			sourceTree = "<group>";
		};
		2A86E1492556531900C1647F /* PopView */ = {
			isa = PBXGroup;
			children = (
				2A86E14A2556535F00C1647F /* ViewController */,
			);
			path = PopView;
			sourceTree = "<group>";
		};
		2A86E14A2556535F00C1647F /* ViewController */ = {
			isa = PBXGroup;
			children = (
				2A86E14B255653A700C1647F /* AddCatagoryViewController.swift */,
				2A86E14C255653A700C1647F /* AddCatagoryViewController.xib */,
				2A15B9752556A2A700CF0238 /* StatisticallViewController.swift */,
				2A15B9762556A2A700CF0238 /* StatisticallViewController.xib */,
				2A78785625597A1200EE7391 /* AddDishsViewController.swift */,
				2A78785725597A1200EE7391 /* AddDishsViewController.xib */,
				2A78785D25597F6C00EE7391 /* StatusDishViewController.swift */,
				2A78785E25597F6C00EE7391 /* StatusDishViewController.xib */,
			);
			path = ViewController;
			sourceTree = "<group>";
		};
/* End PBXGroup section */

/* Begin PBXNativeTarget section */
		2A3C63112552CF8C00996077 /* FoodApp */ = {
			isa = PBXNativeTarget;
			buildConfigurationList = 2A3C633C2552CF8E00996077 /* Build configuration list for PBXNativeTarget "FoodApp" */;
			buildPhases = (
				2A3C630E2552CF8C00996077 /* Sources */,
				2A3C630F2552CF8C00996077 /* Frameworks */,
				2A3C63102552CF8C00996077 /* Resources */,
			);
			buildRules = (
			);
			dependencies = (
			);
			name = FoodApp;
			productName = FoodApp;
			productReference = 2A3C63122552CF8C00996077 /* FoodApp.app */;
			productType = "com.apple.product-type.application";
		};
		2A3C63272552CF8D00996077 /* FoodAppTests */ = {
			isa = PBXNativeTarget;
			buildConfigurationList = 2A3C633F2552CF8E00996077 /* Build configuration list for PBXNativeTarget "FoodAppTests" */;
			buildPhases = (
				2A3C63242552CF8D00996077 /* Sources */,
				2A3C63252552CF8D00996077 /* Frameworks */,
				2A3C63262552CF8D00996077 /* Resources */,
			);
			buildRules = (
			);
			dependencies = (
				2A3C632A2552CF8D00996077 /* PBXTargetDependency */,
			);
			name = FoodAppTests;
			productName = FoodAppTests;
			productReference = 2A3C63282552CF8D00996077 /* FoodAppTests.xctest */;
			productType = "com.apple.product-type.bundle.unit-test";
		};
		2A3C63322552CF8E00996077 /* FoodAppUITests */ = {
			isa = PBXNativeTarget;
			buildConfigurationList = 2A3C63422552CF8E00996077 /* Build configuration list for PBXNativeTarget "FoodAppUITests" */;
			buildPhases = (
				2A3C632F2552CF8E00996077 /* Sources */,
				2A3C63302552CF8E00996077 /* Frameworks */,
				2A3C63312552CF8E00996077 /* Resources */,
			);
			buildRules = (
			);
			dependencies = (
				2A3C63352552CF8E00996077 /* PBXTargetDependency */,
			);
			name = FoodAppUITests;
			productName = FoodAppUITests;
			productReference = 2A3C63332552CF8E00996077 /* FoodAppUITests.xctest */;
			productType = "com.apple.product-type.bundle.ui-testing";
		};
/* End PBXNativeTarget section */

/* Begin PBXProject section */
		2A3C630A2552CF8C00996077 /* Project object */ = {
			isa = PBXProject;
			attributes = {
				LastSwiftUpdateCheck = 1200;
				LastUpgradeCheck = 1200;
				TargetAttributes = {
					2A3C63112552CF8C00996077 = {
						CreatedOnToolsVersion = 12.0.1;
					};
					2A3C63272552CF8D00996077 = {
						CreatedOnToolsVersion = 12.0.1;
						TestTargetID = 2A3C63112552CF8C00996077;
					};
					2A3C63322552CF8E00996077 = {
						CreatedOnToolsVersion = 12.0.1;
						TestTargetID = 2A3C63112552CF8C00996077;
					};
				};
			};
			buildConfigurationList = 2A3C630D2552CF8C00996077 /* Build configuration list for PBXProject "FoodApp" */;
			compatibilityVersion = "Xcode 9.3";
			developmentRegion = en;
			hasScannedForEncodings = 0;
			knownRegions = (
				en,
				Base,
			);
			mainGroup = 2A3C63092552CF8C00996077;
			productRefGroup = 2A3C63132552CF8C00996077 /* Products */;
			projectDirPath = "";
			projectRoot = "";
			targets = (
				2A3C63112552CF8C00996077 /* FoodApp */,
				2A3C63272552CF8D00996077 /* FoodAppTests */,
				2A3C63322552CF8E00996077 /* FoodAppUITests */,
			);
		};
/* End PBXProject section */

/* Begin PBXResourcesBuildPhase section */
		2A3C63102552CF8C00996077 /* Resources */ = {
			isa = PBXResourcesBuildPhase;
			buildActionMask = 2147483647;
			files = (
				2A3C63222552CF8D00996077 /* LaunchScreen.storyboard in Resources */,
				2A78785925597A1200EE7391 /* AddDishsViewController.xib in Resources */,
				2A3C637C2552E1B800996077 /* TypeRestaurentCollectionViewCell.xib in Resources */,
				2A280CBB2553AE88005EDDDC /* PopAddPromoViewController.xib in Resources */,
				2A86E137255645CF00C1647F /* RestaurentHomeViewController.xib in Resources */,
				2A280CAF2553AADE005EDDDC /* PopSaveRestaurentViewController.xib in Resources */,
				2A3C63532552D1CC00996077 /* SignInViewController.xib in Resources */,
				2A3C63612552D81B00996077 /* SignUpViewController.xib in Resources */,
				2A280C8425539965005EDDDC /* ListRestaurentTableViewCell.xib in Resources */,
				2A86E14E255653A700C1647F /* AddCatagoryViewController.xib in Resources */,
				2A78786A25598D6600EE7391 /* UsersHomeViewController.xib in Resources */,
				2A280CA22553A465005EDDDC /* PromosTableViewCell.xib in Resources */,
				2A3C631F2552CF8D00996077 /* Assets.xcassets in Resources */,
				2A78786025597F6C00EE7391 /* StatusDishViewController.xib in Resources */,
				2A78784F2559733C00EE7391 /* DishTableViewCell.xib in Resources */,
				2A86E14225564B4200C1647F /* RestaurentCatagoryTableViewCell.xib in Resources */,
				2A3C636E2552DC4D00996077 /* AdminHomeViewController.xib in Resources */,
				2A280C982553A0EC005EDDDC /* DetailsRestaurentViewController.xib in Resources */,
				2A280C79255398BF005EDDDC /* ListRestaurentViewController.xib in Resources */,
				2A15B9782556A2A700CF0238 /* StatisticallViewController.xib in Resources */,
				2A15B9842556A8C500CF0238 /* DishViewController.xib in Resources */,
			);
			runOnlyForDeploymentPostprocessing = 0;
		};
		2A3C63262552CF8D00996077 /* Resources */ = {
			isa = PBXResourcesBuildPhase;
			buildActionMask = 2147483647;
			files = (
			);
			runOnlyForDeploymentPostprocessing = 0;
		};
		2A3C63312552CF8E00996077 /* Resources */ = {
			isa = PBXResourcesBuildPhase;
			buildActionMask = 2147483647;
			files = (
			);
			runOnlyForDeploymentPostprocessing = 0;
		};
/* End PBXResourcesBuildPhase section */

/* Begin PBXSourcesBuildPhase section */
		2A3C630E2552CF8C00996077 /* Sources */ = {
			isa = PBXSourcesBuildPhase;
			buildActionMask = 2147483647;
			files = (
				2A78786925598D6600EE7391 /* UsersHomeViewController.swift in Sources */,
				2A280CBA2553AE88005EDDDC /* PopAddPromoViewController.swift in Sources */,
				2A3C63162552CF8C00996077 /* AppDelegate.swift in Sources */,
				2A86E136255645CF00C1647F /* RestaurentHomeViewController.swift in Sources */,
				2A86E14125564B4200C1647F /* RestaurentCatagoryTableViewCell.swift in Sources */,
				2A280C78255398BF005EDDDC /* ListRestaurentViewController.swift in Sources */,
				2A280CAE2553AADE005EDDDC /* PopSaveRestaurentViewController.swift in Sources */,
				2A3C637B2552E1B800996077 /* TypeRestaurentCollectionViewCell.swift in Sources */,
				2A3C63822552E37400996077 /* InfoRestaurentModel.swift in Sources */,
				2A280C8325539965005EDDDC /* ListRestaurentTableViewCell.swift in Sources */,
				2A3C63182552CF8C00996077 /* SceneDelegate.swift in Sources */,
				2A78784E2559733C00EE7391 /* DishTableViewCell.swift in Sources */,
				2A280CA12553A465005EDDDC /* PromosTableViewCell.swift in Sources */,
				2A280C972553A0EC005EDDDC /* DetailsRestaurentViewController.swift in Sources */,
				2A86E14D255653A700C1647F /* AddCatagoryViewController.swift in Sources */,
				2A3C63602552D81B00996077 /* SignUpViewController.swift in Sources */,
				2A15B9832556A8C500CF0238 /* DishViewController.swift in Sources */,
				2A3C63522552D1CC00996077 /* SignInViewController.swift in Sources */,
				2A3C636D2552DC4D00996077 /* AdminHomeViewController.swift in Sources */,
				2A78785F25597F6C00EE7391 /* StatusDishViewController.swift in Sources */,
				2A78785825597A1200EE7391 /* AddDishsViewController.swift in Sources */,
				2A15B9772556A2A700CF0238 /* StatisticallViewController.swift in Sources */,
			);
			runOnlyForDeploymentPostprocessing = 0;
		};
		2A3C63242552CF8D00996077 /* Sources */ = {
			isa = PBXSourcesBuildPhase;
			buildActionMask = 2147483647;
			files = (
				2A3C632D2552CF8D00996077 /* FoodAppTests.swift in Sources */,
			);
			runOnlyForDeploymentPostprocessing = 0;
		};
		2A3C632F2552CF8E00996077 /* Sources */ = {
			isa = PBXSourcesBuildPhase;
			buildActionMask = 2147483647;
			files = (
				2A3C63382552CF8E00996077 /* FoodAppUITests.swift in Sources */,
			);
			runOnlyForDeploymentPostprocessing = 0;
		};
/* End PBXSourcesBuildPhase section */

/* Begin PBXTargetDependency section */
		2A3C632A2552CF8D00996077 /* PBXTargetDependency */ = {
			isa = PBXTargetDependency;
			target = 2A3C63112552CF8C00996077 /* FoodApp */;
			targetProxy = 2A3C63292552CF8D00996077 /* PBXContainerItemProxy */;
		};
		2A3C63352552CF8E00996077 /* PBXTargetDependency */ = {
			isa = PBXTargetDependency;
			target = 2A3C63112552CF8C00996077 /* FoodApp */;
			targetProxy = 2A3C63342552CF8E00996077 /* PBXContainerItemProxy */;
		};
/* End PBXTargetDependency section */

/* Begin PBXVariantGroup section */
		2A3C63202552CF8D00996077 /* LaunchScreen.storyboard */ = {
			isa = PBXVariantGroup;
			children = (
				2A3C63212552CF8D00996077 /* Base */,
			);
			name = LaunchScreen.storyboard;
			sourceTree = "<group>";
		};
/* End PBXVariantGroup section */

/* Begin XCBuildConfiguration section */
		2A3C633A2552CF8E00996077 /* Debug */ = {
			isa = XCBuildConfiguration;
			buildSettings = {
				ALWAYS_SEARCH_USER_PATHS = NO;
				CLANG_ANALYZER_NONNULL = YES;
				CLANG_ANALYZER_NUMBER_OBJECT_CONVERSION = YES_AGGRESSIVE;
				CLANG_CXX_LANGUAGE_STANDARD = "gnu++14";
				CLANG_CXX_LIBRARY = "libc++";
				CLANG_ENABLE_MODULES = YES;
				CLANG_ENABLE_OBJC_ARC = YES;
				CLANG_ENABLE_OBJC_WEAK = YES;
				CLANG_WARN_BLOCK_CAPTURE_AUTORELEASING = YES;
				CLANG_WARN_BOOL_CONVERSION = YES;
				CLANG_WARN_COMMA = YES;
				CLANG_WARN_CONSTANT_CONVERSION = YES;
				CLANG_WARN_DEPRECATED_OBJC_IMPLEMENTATIONS = YES;
				CLANG_WARN_DIRECT_OBJC_ISA_USAGE = YES_ERROR;
				CLANG_WARN_DOCUMENTATION_COMMENTS = YES;
				CLANG_WARN_EMPTY_BODY = YES;
				CLANG_WARN_ENUM_CONVERSION = YES;
				CLANG_WARN_INFINITE_RECURSION = YES;
				CLANG_WARN_INT_CONVERSION = YES;
				CLANG_WARN_NON_LITERAL_NULL_CONVERSION = YES;
				CLANG_WARN_OBJC_IMPLICIT_RETAIN_SELF = YES;
				CLANG_WARN_OBJC_LITERAL_CONVERSION = YES;
				CLANG_WARN_OBJC_ROOT_CLASS = YES_ERROR;
				CLANG_WARN_QUOTED_INCLUDE_IN_FRAMEWORK_HEADER = YES;
				CLANG_WARN_RANGE_LOOP_ANALYSIS = YES;
				CLANG_WARN_STRICT_PROTOTYPES = YES;
				CLANG_WARN_SUSPICIOUS_MOVE = YES;
				CLANG_WARN_UNGUARDED_AVAILABILITY = YES_AGGRESSIVE;
				CLANG_WARN_UNREACHABLE_CODE = YES;
				CLANG_WARN__DUPLICATE_METHOD_MATCH = YES;
				COPY_PHASE_STRIP = NO;
				DEBUG_INFORMATION_FORMAT = dwarf;
				ENABLE_STRICT_OBJC_MSGSEND = YES;
				ENABLE_TESTABILITY = YES;
				GCC_C_LANGUAGE_STANDARD = gnu11;
				GCC_DYNAMIC_NO_PIC = NO;
				GCC_NO_COMMON_BLOCKS = YES;
				GCC_OPTIMIZATION_LEVEL = 0;
				GCC_PREPROCESSOR_DEFINITIONS = (
					"DEBUG=1",
					"$(inherited)",
				);
				GCC_WARN_64_TO_32_BIT_CONVERSION = YES;
				GCC_WARN_ABOUT_RETURN_TYPE = YES_ERROR;
				GCC_WARN_UNDECLARED_SELECTOR = YES;
				GCC_WARN_UNINITIALIZED_AUTOS = YES_AGGRESSIVE;
				GCC_WARN_UNUSED_FUNCTION = YES;
				GCC_WARN_UNUSED_VARIABLE = YES;
				IPHONEOS_DEPLOYMENT_TARGET = 13.0;
				MTL_ENABLE_DEBUG_INFO = INCLUDE_SOURCE;
				MTL_FAST_MATH = YES;
				ONLY_ACTIVE_ARCH = YES;
				SDKROOT = iphoneos;
				SWIFT_ACTIVE_COMPILATION_CONDITIONS = DEBUG;
				SWIFT_OPTIMIZATION_LEVEL = "-Onone";
			};
			name = Debug;
		};
		2A3C633B2552CF8E00996077 /* Release */ = {
			isa = XCBuildConfiguration;
			buildSettings = {
				ALWAYS_SEARCH_USER_PATHS = NO;
				CLANG_ANALYZER_NONNULL = YES;
				CLANG_ANALYZER_NUMBER_OBJECT_CONVERSION = YES_AGGRESSIVE;
				CLANG_CXX_LANGUAGE_STANDARD = "gnu++14";
				CLANG_CXX_LIBRARY = "libc++";
				CLANG_ENABLE_MODULES = YES;
				CLANG_ENABLE_OBJC_ARC = YES;
				CLANG_ENABLE_OBJC_WEAK = YES;
				CLANG_WARN_BLOCK_CAPTURE_AUTORELEASING = YES;
				CLANG_WARN_BOOL_CONVERSION = YES;
				CLANG_WARN_COMMA = YES;
				CLANG_WARN_CONSTANT_CONVERSION = YES;
				CLANG_WARN_DEPRECATED_OBJC_IMPLEMENTATIONS = YES;
				CLANG_WARN_DIRECT_OBJC_ISA_USAGE = YES_ERROR;
				CLANG_WARN_DOCUMENTATION_COMMENTS = YES;
				CLANG_WARN_EMPTY_BODY = YES;
				CLANG_WARN_ENUM_CONVERSION = YES;
				CLANG_WARN_INFINITE_RECURSION = YES;
				CLANG_WARN_INT_CONVERSION = YES;
				CLANG_WARN_NON_LITERAL_NULL_CONVERSION = YES;
				CLANG_WARN_OBJC_IMPLICIT_RETAIN_SELF = YES;
				CLANG_WARN_OBJC_LITERAL_CONVERSION = YES;
				CLANG_WARN_OBJC_ROOT_CLASS = YES_ERROR;
				CLANG_WARN_QUOTED_INCLUDE_IN_FRAMEWORK_HEADER = YES;
				CLANG_WARN_RANGE_LOOP_ANALYSIS = YES;
				CLANG_WARN_STRICT_PROTOTYPES = YES;
				CLANG_WARN_SUSPICIOUS_MOVE = YES;
				CLANG_WARN_UNGUARDED_AVAILABILITY = YES_AGGRESSIVE;
				CLANG_WARN_UNREACHABLE_CODE = YES;
				CLANG_WARN__DUPLICATE_METHOD_MATCH = YES;
				COPY_PHASE_STRIP = NO;
				DEBUG_INFORMATION_FORMAT = "dwarf-with-dsym";
				ENABLE_NS_ASSERTIONS = NO;
				ENABLE_STRICT_OBJC_MSGSEND = YES;
				GCC_C_LANGUAGE_STANDARD = gnu11;
				GCC_NO_COMMON_BLOCKS = YES;
				GCC_WARN_64_TO_32_BIT_CONVERSION = YES;
				GCC_WARN_ABOUT_RETURN_TYPE = YES_ERROR;
				GCC_WARN_UNDECLARED_SELECTOR = YES;
				GCC_WARN_UNINITIALIZED_AUTOS = YES_AGGRESSIVE;
				GCC_WARN_UNUSED_FUNCTION = YES;
				GCC_WARN_UNUSED_VARIABLE = YES;
				IPHONEOS_DEPLOYMENT_TARGET = 13.0;
				MTL_ENABLE_DEBUG_INFO = NO;
				MTL_FAST_MATH = YES;
				SDKROOT = iphoneos;
				SWIFT_COMPILATION_MODE = wholemodule;
				SWIFT_OPTIMIZATION_LEVEL = "-O";
				VALIDATE_PRODUCT = YES;
			};
			name = Release;
		};
		2A3C633D2552CF8E00996077 /* Debug */ = {
			isa = XCBuildConfiguration;
			buildSettings = {
				ASSETCATALOG_COMPILER_APPICON_NAME = AppIcon;
				ASSETCATALOG_COMPILER_GLOBAL_ACCENT_COLOR_NAME = AccentColor;
				CODE_SIGN_STYLE = Automatic;
				DEVELOPMENT_TEAM = HJXQ99M5K4;
				INFOPLIST_FILE = FoodApp/Info.plist;
				IPHONEOS_DEPLOYMENT_TARGET = 13.0;
				LD_RUNPATH_SEARCH_PATHS = (
					"$(inherited)",
					"@executable_path/Frameworks",
				);
				PRODUCT_BUNDLE_IDENTIFIER = sahaTechnology.FoodApp;
				PRODUCT_NAME = "$(TARGET_NAME)";
				SWIFT_VERSION = 5.0;
				TARGETED_DEVICE_FAMILY = "1,2";
			};
			name = Debug;
		};
		2A3C633E2552CF8E00996077 /* Release */ = {
			isa = XCBuildConfiguration;
			buildSettings = {
				ASSETCATALOG_COMPILER_APPICON_NAME = AppIcon;
				ASSETCATALOG_COMPILER_GLOBAL_ACCENT_COLOR_NAME = AccentColor;
				CODE_SIGN_STYLE = Automatic;
				DEVELOPMENT_TEAM = HJXQ99M5K4;
				INFOPLIST_FILE = FoodApp/Info.plist;
				IPHONEOS_DEPLOYMENT_TARGET = 13.0;
				LD_RUNPATH_SEARCH_PATHS = (
					"$(inherited)",
					"@executable_path/Frameworks",
				);
				PRODUCT_BUNDLE_IDENTIFIER = sahaTechnology.FoodApp;
				PRODUCT_NAME = "$(TARGET_NAME)";
				SWIFT_VERSION = 5.0;
				TARGETED_DEVICE_FAMILY = "1,2";
			};
			name = Release;
		};
		2A3C63402552CF8E00996077 /* Debug */ = {
			isa = XCBuildConfiguration;
			buildSettings = {
				ALWAYS_EMBED_SWIFT_STANDARD_LIBRARIES = YES;
				BUNDLE_LOADER = "$(TEST_HOST)";
				CODE_SIGN_STYLE = Automatic;
				DEVELOPMENT_TEAM = HJXQ99M5K4;
				INFOPLIST_FILE = FoodAppTests/Info.plist;
				IPHONEOS_DEPLOYMENT_TARGET = 14.0;
				LD_RUNPATH_SEARCH_PATHS = (
					"$(inherited)",
					"@executable_path/Frameworks",
					"@loader_path/Frameworks",
				);
				PRODUCT_BUNDLE_IDENTIFIER = sahaTechnology.FoodAppTests;
				PRODUCT_NAME = "$(TARGET_NAME)";
				SWIFT_VERSION = 5.0;
				TARGETED_DEVICE_FAMILY = "1,2";
				TEST_HOST = "$(BUILT_PRODUCTS_DIR)/FoodApp.app/FoodApp";
			};
			name = Debug;
		};
		2A3C63412552CF8E00996077 /* Release */ = {
			isa = XCBuildConfiguration;
			buildSettings = {
				ALWAYS_EMBED_SWIFT_STANDARD_LIBRARIES = YES;
				BUNDLE_LOADER = "$(TEST_HOST)";
				CODE_SIGN_STYLE = Automatic;
				DEVELOPMENT_TEAM = HJXQ99M5K4;
				INFOPLIST_FILE = FoodAppTests/Info.plist;
				IPHONEOS_DEPLOYMENT_TARGET = 14.0;
				LD_RUNPATH_SEARCH_PATHS = (
					"$(inherited)",
					"@executable_path/Frameworks",
					"@loader_path/Frameworks",
				);
				PRODUCT_BUNDLE_IDENTIFIER = sahaTechnology.FoodAppTests;
				PRODUCT_NAME = "$(TARGET_NAME)";
				SWIFT_VERSION = 5.0;
				TARGETED_DEVICE_FAMILY = "1,2";
				TEST_HOST = "$(BUILT_PRODUCTS_DIR)/FoodApp.app/FoodApp";
			};
			name = Release;
		};
		2A3C63432552CF8E00996077 /* Debug */ = {
			isa = XCBuildConfiguration;
			buildSettings = {
				ALWAYS_EMBED_SWIFT_STANDARD_LIBRARIES = YES;
				CODE_SIGN_STYLE = Automatic;
				DEVELOPMENT_TEAM = HJXQ99M5K4;
				INFOPLIST_FILE = FoodAppUITests/Info.plist;
				LD_RUNPATH_SEARCH_PATHS = (
					"$(inherited)",
					"@executable_path/Frameworks",
					"@loader_path/Frameworks",
				);
				PRODUCT_BUNDLE_IDENTIFIER = sahaTechnology.FoodAppUITests;
				PRODUCT_NAME = "$(TARGET_NAME)";
				SWIFT_VERSION = 5.0;
				TARGETED_DEVICE_FAMILY = "1,2";
				TEST_TARGET_NAME = FoodApp;
			};
			name = Debug;
		};
		2A3C63442552CF8E00996077 /* Release */ = {
			isa = XCBuildConfiguration;
			buildSettings = {
				ALWAYS_EMBED_SWIFT_STANDARD_LIBRARIES = YES;
				CODE_SIGN_STYLE = Automatic;
				DEVELOPMENT_TEAM = HJXQ99M5K4;
				INFOPLIST_FILE = FoodAppUITests/Info.plist;
				LD_RUNPATH_SEARCH_PATHS = (
					"$(inherited)",
					"@executable_path/Frameworks",
					"@loader_path/Frameworks",
				);
				PRODUCT_BUNDLE_IDENTIFIER = sahaTechnology.FoodAppUITests;
				PRODUCT_NAME = "$(TARGET_NAME)";
				SWIFT_VERSION = 5.0;
				TARGETED_DEVICE_FAMILY = "1,2";
				TEST_TARGET_NAME = FoodApp;
			};
			name = Release;
		};
/* End XCBuildConfiguration section */

/* Begin XCConfigurationList section */
		2A3C630D2552CF8C00996077 /* Build configuration list for PBXProject "FoodApp" */ = {
			isa = XCConfigurationList;
			buildConfigurations = (
				2A3C633A2552CF8E00996077 /* Debug */,
				2A3C633B2552CF8E00996077 /* Release */,
			);
			defaultConfigurationIsVisible = 0;
			defaultConfigurationName = Release;
		};
		2A3C633C2552CF8E00996077 /* Build configuration list for PBXNativeTarget "FoodApp" */ = {
			isa = XCConfigurationList;
			buildConfigurations = (
				2A3C633D2552CF8E00996077 /* Debug */,
				2A3C633E2552CF8E00996077 /* Release */,
			);
			defaultConfigurationIsVisible = 0;
			defaultConfigurationName = Release;
		};
		2A3C633F2552CF8E00996077 /* Build configuration list for PBXNativeTarget "FoodAppTests" */ = {
			isa = XCConfigurationList;
			buildConfigurations = (
				2A3C63402552CF8E00996077 /* Debug */,
				2A3C63412552CF8E00996077 /* Release */,
			);
			defaultConfigurationIsVisible = 0;
			defaultConfigurationName = Release;
		};
		2A3C63422552CF8E00996077 /* Build configuration list for PBXNativeTarget "FoodAppUITests" */ = {
			isa = XCConfigurationList;
			buildConfigurations = (
				2A3C63432552CF8E00996077 /* Debug */,
				2A3C63442552CF8E00996077 /* Release */,
			);
			defaultConfigurationIsVisible = 0;
			defaultConfigurationName = Release;
		};
/* End XCConfigurationList section */
	};
	rootObject = 2A3C630A2552CF8C00996077 /* Project object */;
}
