// !$*UTF8*$!
{
	archiveVersion = 1;
	classes = {
	};
	objectVersion = 51;
	objects = {

/* Begin PBXBuildFile section */
		2A02240A256F5E23000B093B /* DishCollectionViewCell.swift in Sources */ = {isa = PBXBuildFile; fileRef = 2A022408256F5E23000B093B /* DishCollectionViewCell.swift */; };
		2A02240B256F5E23000B093B /* DishCollectionViewCell.xib in Resources */ = {isa = PBXBuildFile; fileRef = 2A022409256F5E23000B093B /* DishCollectionViewCell.xib */; };
		2A022411256F5E6F000B093B /* CouponsCollectionViewCell.swift in Sources */ = {isa = PBXBuildFile; fileRef = 2A02240F256F5E6F000B093B /* CouponsCollectionViewCell.swift */; };
		2A022412256F5E6F000B093B /* CouponsCollectionViewCell.xib in Resources */ = {isa = PBXBuildFile; fileRef = 2A022410256F5E6F000B093B /* CouponsCollectionViewCell.xib */; };
		2A15B9772556A2A700CF0238 /* StatisticallViewController.swift in Sources */ = {isa = PBXBuildFile; fileRef = 2A15B9752556A2A700CF0238 /* StatisticallViewController.swift */; };
		2A15B9782556A2A700CF0238 /* StatisticallViewController.xib in Resources */ = {isa = PBXBuildFile; fileRef = 2A15B9762556A2A700CF0238 /* StatisticallViewController.xib */; };
		2A15B9832556A8C500CF0238 /* DishViewController.swift in Sources */ = {isa = PBXBuildFile; fileRef = 2A15B9812556A8C500CF0238 /* DishViewController.swift */; };
		2A15B9842556A8C500CF0238 /* DishViewController.xib in Resources */ = {isa = PBXBuildFile; fileRef = 2A15B9822556A8C500CF0238 /* DishViewController.xib */; };
		2A280C78255398BF005EDDDC /* ListRestaurentViewController.swift in Sources */ = {isa = PBXBuildFile; fileRef = 2A280C76255398BF005EDDDC /* ListRestaurentViewController.swift */; };
		2A280C79255398BF005EDDDC /* ListRestaurentViewController.xib in Resources */ = {isa = PBXBuildFile; fileRef = 2A280C77255398BF005EDDDC /* ListRestaurentViewController.xib */; };
		2A280C8325539965005EDDDC /* ListRestaurentTableViewCell.swift in Sources */ = {isa = PBXBuildFile; fileRef = 2A280C8125539965005EDDDC /* ListRestaurentTableViewCell.swift */; };
		2A280C8425539965005EDDDC /* ListRestaurentTableViewCell.xib in Resources */ = {isa = PBXBuildFile; fileRef = 2A280C8225539965005EDDDC /* ListRestaurentTableViewCell.xib */; };
		2A280C972553A0EC005EDDDC /* DetailsRestaurentViewController.swift in Sources */ = {isa = PBXBuildFile; fileRef = 2A280C952553A0EC005EDDDC /* DetailsRestaurentViewController.swift */; };
		2A280C982553A0EC005EDDDC /* DetailsRestaurentViewController.xib in Resources */ = {isa = PBXBuildFile; fileRef = 2A280C962553A0EC005EDDDC /* DetailsRestaurentViewController.xib */; };
		2A280CA12553A465005EDDDC /* PromosTableViewCell.swift in Sources */ = {isa = PBXBuildFile; fileRef = 2A280C9F2553A465005EDDDC /* PromosTableViewCell.swift */; };
		2A280CA22553A465005EDDDC /* PromosTableViewCell.xib in Resources */ = {isa = PBXBuildFile; fileRef = 2A280CA02553A465005EDDDC /* PromosTableViewCell.xib */; };
		2A280CAE2553AADE005EDDDC /* PopSaveRestaurentViewController.swift in Sources */ = {isa = PBXBuildFile; fileRef = 2A280CAC2553AADE005EDDDC /* PopSaveRestaurentViewController.swift */; };
		2A280CAF2553AADE005EDDDC /* PopSaveRestaurentViewController.xib in Resources */ = {isa = PBXBuildFile; fileRef = 2A280CAD2553AADE005EDDDC /* PopSaveRestaurentViewController.xib */; };
		2A280CBA2553AE88005EDDDC /* PopAddPromoViewController.swift in Sources */ = {isa = PBXBuildFile; fileRef = 2A280CB82553AE88005EDDDC /* PopAddPromoViewController.swift */; };
		2A280CBB2553AE88005EDDDC /* PopAddPromoViewController.xib in Resources */ = {isa = PBXBuildFile; fileRef = 2A280CB92553AE88005EDDDC /* PopAddPromoViewController.xib */; };
		2A340000255A3CD50059418E /* typeRestaurentUserCollectionViewCell.swift in Sources */ = {isa = PBXBuildFile; fileRef = 2A34FFFE255A3CD50059418E /* typeRestaurentUserCollectionViewCell.swift */; };
		2A340001255A3CD50059418E /* typeRestaurentUserCollectionViewCell.xib in Resources */ = {isa = PBXBuildFile; fileRef = 2A34FFFF255A3CD50059418E /* typeRestaurentUserCollectionViewCell.xib */; };
		2A340009255A3FB10059418E /* ListRestaurentUserViewController.swift in Sources */ = {isa = PBXBuildFile; fileRef = 2A340007255A3FB10059418E /* ListRestaurentUserViewController.swift */; };
		2A34000A255A3FB10059418E /* ListRestaurentUserViewController.xib in Resources */ = {isa = PBXBuildFile; fileRef = 2A340008255A3FB10059418E /* ListRestaurentUserViewController.xib */; };
		2A340014255A43560059418E /* RestaurentsTableViewCell.swift in Sources */ = {isa = PBXBuildFile; fileRef = 2A340012255A43560059418E /* RestaurentsTableViewCell.swift */; };
		2A340015255A43560059418E /* RestaurentsTableViewCell.xib in Resources */ = {isa = PBXBuildFile; fileRef = 2A340013255A43560059418E /* RestaurentsTableViewCell.xib */; };
		2A340020255A493E0059418E /* FindRestaurentDishViewController.swift in Sources */ = {isa = PBXBuildFile; fileRef = 2A34001E255A493E0059418E /* FindRestaurentDishViewController.swift */; };
		2A340021255A493E0059418E /* FindRestaurentDishViewController.xib in Resources */ = {isa = PBXBuildFile; fileRef = 2A34001F255A493E0059418E /* FindRestaurentDishViewController.xib */; };
		2A340029255A549A0059418E /* InfomationUserViewController.swift in Sources */ = {isa = PBXBuildFile; fileRef = 2A340027255A549A0059418E /* InfomationUserViewController.swift */; };
		2A34002A255A549A0059418E /* InfomationUserViewController.xib in Resources */ = {isa = PBXBuildFile; fileRef = 2A340028255A549A0059418E /* InfomationUserViewController.xib */; };
		2A340034255A757F0059418E /* DetailUserViewController.swift in Sources */ = {isa = PBXBuildFile; fileRef = 2A340032255A757F0059418E /* DetailUserViewController.swift */; };
		2A340035255A757F0059418E /* DetailUserViewController.xib in Resources */ = {isa = PBXBuildFile; fileRef = 2A340033255A757F0059418E /* DetailUserViewController.xib */; };
		2A340057255A897B0059418E /* GoogleService-Info.plist in Resources */ = {isa = PBXBuildFile; fileRef = 2A340056255A897B0059418E /* GoogleService-Info.plist */; };
		2A340080255A9BB50059418E /* FirebaseManager.swift in Sources */ = {isa = PBXBuildFile; fileRef = 2A34007F255A9BB50059418E /* FirebaseManager.swift */; };
		2A3BB8FC256EA251008533A6 /* CartViewController.swift in Sources */ = {isa = PBXBuildFile; fileRef = 2A3BB8FA256EA251008533A6 /* CartViewController.swift */; };
		2A3BB8FD256EA251008533A6 /* CartViewController.xib in Resources */ = {isa = PBXBuildFile; fileRef = 2A3BB8FB256EA251008533A6 /* CartViewController.xib */; };
		2A3C63162552CF8C00996077 /* AppDelegate.swift in Sources */ = {isa = PBXBuildFile; fileRef = 2A3C63152552CF8C00996077 /* AppDelegate.swift */; };
		2A3C63182552CF8C00996077 /* SceneDelegate.swift in Sources */ = {isa = PBXBuildFile; fileRef = 2A3C63172552CF8C00996077 /* SceneDelegate.swift */; };
		2A3C631F2552CF8D00996077 /* Assets.xcassets in Resources */ = {isa = PBXBuildFile; fileRef = 2A3C631E2552CF8D00996077 /* Assets.xcassets */; };
		2A3C63222552CF8D00996077 /* LaunchScreen.storyboard in Resources */ = {isa = PBXBuildFile; fileRef = 2A3C63202552CF8D00996077 /* LaunchScreen.storyboard */; };
		2A3C632D2552CF8D00996077 /* FoodAppTests.swift in Sources */ = {isa = PBXBuildFile; fileRef = 2A3C632C2552CF8D00996077 /* FoodAppTests.swift */; };
		2A3C63382552CF8E00996077 /* FoodAppUITests.swift in Sources */ = {isa = PBXBuildFile; fileRef = 2A3C63372552CF8E00996077 /* FoodAppUITests.swift */; };
		2A3C63522552D1CC00996077 /* SignInViewController.swift in Sources */ = {isa = PBXBuildFile; fileRef = 2A3C63502552D1CC00996077 /* SignInViewController.swift */; };
		2A3C63532552D1CC00996077 /* SignInViewController.xib in Resources */ = {isa = PBXBuildFile; fileRef = 2A3C63512552D1CC00996077 /* SignInViewController.xib */; };
		2A3C63602552D81B00996077 /* SignUpViewController.swift in Sources */ = {isa = PBXBuildFile; fileRef = 2A3C635E2552D81B00996077 /* SignUpViewController.swift */; };
		2A3C63612552D81B00996077 /* SignUpViewController.xib in Resources */ = {isa = PBXBuildFile; fileRef = 2A3C635F2552D81B00996077 /* SignUpViewController.xib */; };
		2A3C636D2552DC4D00996077 /* AdminHomeViewController.swift in Sources */ = {isa = PBXBuildFile; fileRef = 2A3C636B2552DC4D00996077 /* AdminHomeViewController.swift */; };
		2A3C636E2552DC4D00996077 /* AdminHomeViewController.xib in Resources */ = {isa = PBXBuildFile; fileRef = 2A3C636C2552DC4D00996077 /* AdminHomeViewController.xib */; };
		2A3C637B2552E1B800996077 /* TypeRestaurentCollectionViewCell.swift in Sources */ = {isa = PBXBuildFile; fileRef = 2A3C63792552E1B800996077 /* TypeRestaurentCollectionViewCell.swift */; };
		2A3C637C2552E1B800996077 /* TypeRestaurentCollectionViewCell.xib in Resources */ = {isa = PBXBuildFile; fileRef = 2A3C637A2552E1B800996077 /* TypeRestaurentCollectionViewCell.xib */; };
		2A3C63822552E37400996077 /* InfoRestaurentModel.swift in Sources */ = {isa = PBXBuildFile; fileRef = 2A3C63812552E37400996077 /* InfoRestaurentModel.swift */; };
		2A419E7E25734452008C9429 /* restaurantInUserTableViewCell.swift in Sources */ = {isa = PBXBuildFile; fileRef = 2A419E7C25734452008C9429 /* restaurantInUserTableViewCell.swift */; };
		2A419E7F25734452008C9429 /* restaurantInUserTableViewCell.xib in Resources */ = {isa = PBXBuildFile; fileRef = 2A419E7D25734452008C9429 /* restaurantInUserTableViewCell.xib */; };
		2A419E85257395E9008C9429 /* APIPlace.swift in Sources */ = {isa = PBXBuildFile; fileRef = 2A419E84257395E9008C9429 /* APIPlace.swift */; };
		2A4397C52570B2B7004B51D4 /* DishisCommingViewController.swift in Sources */ = {isa = PBXBuildFile; fileRef = 2A4397C32570B2B7004B51D4 /* DishisCommingViewController.swift */; };
		2A4397C62570B2B7004B51D4 /* DishisCommingViewController.xib in Resources */ = {isa = PBXBuildFile; fileRef = 2A4397C42570B2B7004B51D4 /* DishisCommingViewController.xib */; };
		2A4397E32570BBB8004B51D4 /* cooking.gif in Resources */ = {isa = PBXBuildFile; fileRef = 2A4397E22570BBB8004B51D4 /* cooking.gif */; };
		2A4398052570C704004B51D4 /* dishOrderedTableViewCell.swift in Sources */ = {isa = PBXBuildFile; fileRef = 2A4398032570C704004B51D4 /* dishOrderedTableViewCell.swift */; };
		2A4398062570C704004B51D4 /* dishOrderedTableViewCell.xib in Resources */ = {isa = PBXBuildFile; fileRef = 2A4398042570C704004B51D4 /* dishOrderedTableViewCell.xib */; };
		2A43980B2570CC90004B51D4 /* shipper.gif in Resources */ = {isa = PBXBuildFile; fileRef = 2A43980A2570CC90004B51D4 /* shipper.gif */; };
		2A4398132570D8F2004B51D4 /* HomeRestaurantViewController.swift in Sources */ = {isa = PBXBuildFile; fileRef = 2A4398112570D8F2004B51D4 /* HomeRestaurantViewController.swift */; };
		2A4398142570D8F2004B51D4 /* HomeRestaurantViewController.xib in Resources */ = {isa = PBXBuildFile; fileRef = 2A4398122570D8F2004B51D4 /* HomeRestaurantViewController.xib */; };
		2A43981E2570E9BA004B51D4 /* ListOrderTableViewCell.swift in Sources */ = {isa = PBXBuildFile; fileRef = 2A43981C2570E9BA004B51D4 /* ListOrderTableViewCell.swift */; };
		2A43981F2570E9BA004B51D4 /* ListOrderTableViewCell.xib in Resources */ = {isa = PBXBuildFile; fileRef = 2A43981D2570E9BA004B51D4 /* ListOrderTableViewCell.xib */; };
		2A65D2B9256CE6D800D973A8 /* DetailRestaurantUserViewController.swift in Sources */ = {isa = PBXBuildFile; fileRef = 2A65D2B7256CE6D800D973A8 /* DetailRestaurantUserViewController.swift */; };
		2A65D2BA256CE6D800D973A8 /* DetailRestaurantUserViewController.xib in Resources */ = {isa = PBXBuildFile; fileRef = 2A65D2B8256CE6D800D973A8 /* DetailRestaurantUserViewController.xib */; };
		2A65D2CB256CF57600D973A8 /* ListDishTableViewCell.swift in Sources */ = {isa = PBXBuildFile; fileRef = 2A65D2C9256CF57600D973A8 /* ListDishTableViewCell.swift */; };
		2A65D2CC256CF57600D973A8 /* ListDishTableViewCell.xib in Resources */ = {isa = PBXBuildFile; fileRef = 2A65D2CA256CF57600D973A8 /* ListDishTableViewCell.xib */; };
		2A78784E2559733C00EE7391 /* DishTableViewCell.swift in Sources */ = {isa = PBXBuildFile; fileRef = 2A78784C2559733C00EE7391 /* DishTableViewCell.swift */; };
		2A78784F2559733C00EE7391 /* DishTableViewCell.xib in Resources */ = {isa = PBXBuildFile; fileRef = 2A78784D2559733C00EE7391 /* DishTableViewCell.xib */; };
		2A78785825597A1200EE7391 /* AddDishsViewController.swift in Sources */ = {isa = PBXBuildFile; fileRef = 2A78785625597A1200EE7391 /* AddDishsViewController.swift */; };
		2A78785925597A1200EE7391 /* AddDishsViewController.xib in Resources */ = {isa = PBXBuildFile; fileRef = 2A78785725597A1200EE7391 /* AddDishsViewController.xib */; };
		2A78785F25597F6C00EE7391 /* StatusDishViewController.swift in Sources */ = {isa = PBXBuildFile; fileRef = 2A78785D25597F6C00EE7391 /* StatusDishViewController.swift */; };
		2A78786025597F6C00EE7391 /* StatusDishViewController.xib in Resources */ = {isa = PBXBuildFile; fileRef = 2A78785E25597F6C00EE7391 /* StatusDishViewController.xib */; };
		2A78786925598D6600EE7391 /* UsersHomeViewController.swift in Sources */ = {isa = PBXBuildFile; fileRef = 2A78786725598D6600EE7391 /* UsersHomeViewController.swift */; };
		2A78786A25598D6600EE7391 /* UsersHomeViewController.xib in Resources */ = {isa = PBXBuildFile; fileRef = 2A78786825598D6600EE7391 /* UsersHomeViewController.xib */; };
		2A86E136255645CF00C1647F /* RestaurentHomeViewController.swift in Sources */ = {isa = PBXBuildFile; fileRef = 2A86E134255645CF00C1647F /* RestaurentHomeViewController.swift */; };
		2A86E137255645CF00C1647F /* RestaurentHomeViewController.xib in Resources */ = {isa = PBXBuildFile; fileRef = 2A86E135255645CF00C1647F /* RestaurentHomeViewController.xib */; };
		2A86E14125564B4200C1647F /* RestaurentCatagoryTableViewCell.swift in Sources */ = {isa = PBXBuildFile; fileRef = 2A86E13F25564B4200C1647F /* RestaurentCatagoryTableViewCell.swift */; };
		2A86E14225564B4200C1647F /* RestaurentCatagoryTableViewCell.xib in Resources */ = {isa = PBXBuildFile; fileRef = 2A86E14025564B4200C1647F /* RestaurentCatagoryTableViewCell.xib */; };
		2A86E14D255653A700C1647F /* AddCatagoryViewController.swift in Sources */ = {isa = PBXBuildFile; fileRef = 2A86E14B255653A700C1647F /* AddCatagoryViewController.swift */; };
		2A86E14E255653A700C1647F /* AddCatagoryViewController.xib in Resources */ = {isa = PBXBuildFile; fileRef = 2A86E14C255653A700C1647F /* AddCatagoryViewController.xib */; };
		2AA4DA67256E10CE0029EC68 /* AddToCardViewController.swift in Sources */ = {isa = PBXBuildFile; fileRef = 2AA4DA65256E10CE0029EC68 /* AddToCardViewController.swift */; };
		2AA4DA68256E10CE0029EC68 /* AddToCardViewController.xib in Resources */ = {isa = PBXBuildFile; fileRef = 2AA4DA66256E10CE0029EC68 /* AddToCardViewController.xib */; };
		2AB3123C2564D33800A9824E /* StringExtension.swift in Sources */ = {isa = PBXBuildFile; fileRef = 2AB3123B2564D33800A9824E /* StringExtension.swift */; };
		2AB43473255BBE42003D9DA4 /* UserModel.swift in Sources */ = {isa = PBXBuildFile; fileRef = 2AB43472255BBE42003D9DA4 /* UserModel.swift */; };
		2AB6B1CD2571EC0D004A6B17 /* DetailOrderViewController.swift in Sources */ = {isa = PBXBuildFile; fileRef = 2AB6B1CB2571EC0D004A6B17 /* DetailOrderViewController.swift */; };
		2AB6B1CE2571EC0D004A6B17 /* DetailOrderViewController.xib in Resources */ = {isa = PBXBuildFile; fileRef = 2AB6B1CC2571EC0D004A6B17 /* DetailOrderViewController.xib */; };
		2AB6B1D52571F19F004A6B17 /* DishOrderInRestaurantTableViewCell.swift in Sources */ = {isa = PBXBuildFile; fileRef = 2AB6B1D32571F19F004A6B17 /* DishOrderInRestaurantTableViewCell.swift */; };
		2AB6B1D62571F19F004A6B17 /* DishOrderInRestaurantTableViewCell.xib in Resources */ = {isa = PBXBuildFile; fileRef = 2AB6B1D42571F19F004A6B17 /* DishOrderInRestaurantTableViewCell.xib */; };
		2ADA49762563C4B500AA85DA /* AddInfoRestaurantViewController.swift in Sources */ = {isa = PBXBuildFile; fileRef = 2ADA49742563C4B500AA85DA /* AddInfoRestaurantViewController.swift */; };
		2ADA49772563C4B500AA85DA /* AddInfoRestaurantViewController.xib in Resources */ = {isa = PBXBuildFile; fileRef = 2ADA49752563C4B500AA85DA /* AddInfoRestaurantViewController.xib */; };
		5C744FD04A7C29E46D5045F8 /* Pods_FoodApp_FoodAppUITests.framework in Frameworks */ = {isa = PBXBuildFile; fileRef = 1C4E73176A3B0C66FDF5BCDC /* Pods_FoodApp_FoodAppUITests.framework */; };
		B123625ED13BB99CD56425F1 /* Pods_FoodAppTests.framework in Frameworks */ = {isa = PBXBuildFile; fileRef = 26B4C9D9656A1B5858EF4910 /* Pods_FoodAppTests.framework */; };
		D4A1F5DB91C9C9B871B86D0F /* Pods_FoodApp.framework in Frameworks */ = {isa = PBXBuildFile; fileRef = DD6D114FEF414314563CF0E6 /* Pods_FoodApp.framework */; };
/* End PBXBuildFile section */

/* Begin PBXContainerItemProxy section */
		2A3C63292552CF8D00996077 /* PBXContainerItemProxy */ = {
			isa = PBXContainerItemProxy;
			containerPortal = 2A3C630A2552CF8C00996077 /* Project object */;
			proxyType = 1;
			remoteGlobalIDString = 2A3C63112552CF8C00996077;
			remoteInfo = FoodApp;
		};
		2A3C63342552CF8E00996077 /* PBXContainerItemProxy */ = {
			isa = PBXContainerItemProxy;
			containerPortal = 2A3C630A2552CF8C00996077 /* Project object */;
			proxyType = 1;
			remoteGlobalIDString = 2A3C63112552CF8C00996077;
			remoteInfo = FoodApp;
		};
/* End PBXContainerItemProxy section */

/* Begin PBXFileReference section */
		1C4E73176A3B0C66FDF5BCDC /* Pods_FoodApp_FoodAppUITests.framework */ = {isa = PBXFileReference; explicitFileType = wrapper.framework; includeInIndex = 0; path = Pods_FoodApp_FoodAppUITests.framework; sourceTree = BUILT_PRODUCTS_DIR; };
		26B4C9D9656A1B5858EF4910 /* Pods_FoodAppTests.framework */ = {isa = PBXFileReference; explicitFileType = wrapper.framework; includeInIndex = 0; path = Pods_FoodAppTests.framework; sourceTree = BUILT_PRODUCTS_DIR; };
		2A022408256F5E23000B093B /* DishCollectionViewCell.swift */ = {isa = PBXFileReference; lastKnownFileType = sourcecode.swift; path = DishCollectionViewCell.swift; sourceTree = "<group>"; };
		2A022409256F5E23000B093B /* DishCollectionViewCell.xib */ = {isa = PBXFileReference; lastKnownFileType = file.xib; path = DishCollectionViewCell.xib; sourceTree = "<group>"; };
		2A02240F256F5E6F000B093B /* CouponsCollectionViewCell.swift */ = {isa = PBXFileReference; lastKnownFileType = sourcecode.swift; path = CouponsCollectionViewCell.swift; sourceTree = "<group>"; };
		2A022410256F5E6F000B093B /* CouponsCollectionViewCell.xib */ = {isa = PBXFileReference; lastKnownFileType = file.xib; path = CouponsCollectionViewCell.xib; sourceTree = "<group>"; };
		2A15B9752556A2A700CF0238 /* StatisticallViewController.swift */ = {isa = PBXFileReference; lastKnownFileType = sourcecode.swift; path = StatisticallViewController.swift; sourceTree = "<group>"; };
		2A15B9762556A2A700CF0238 /* StatisticallViewController.xib */ = {isa = PBXFileReference; lastKnownFileType = file.xib; path = StatisticallViewController.xib; sourceTree = "<group>"; };
		2A15B9812556A8C500CF0238 /* DishViewController.swift */ = {isa = PBXFileReference; lastKnownFileType = sourcecode.swift; path = DishViewController.swift; sourceTree = "<group>"; };
		2A15B9822556A8C500CF0238 /* DishViewController.xib */ = {isa = PBXFileReference; lastKnownFileType = file.xib; path = DishViewController.xib; sourceTree = "<group>"; };
		2A280C76255398BF005EDDDC /* ListRestaurentViewController.swift */ = {isa = PBXFileReference; lastKnownFileType = sourcecode.swift; path = ListRestaurentViewController.swift; sourceTree = "<group>"; };
		2A280C77255398BF005EDDDC /* ListRestaurentViewController.xib */ = {isa = PBXFileReference; lastKnownFileType = file.xib; path = ListRestaurentViewController.xib; sourceTree = "<group>"; };
		2A280C8125539965005EDDDC /* ListRestaurentTableViewCell.swift */ = {isa = PBXFileReference; lastKnownFileType = sourcecode.swift; path = ListRestaurentTableViewCell.swift; sourceTree = "<group>"; };
		2A280C8225539965005EDDDC /* ListRestaurentTableViewCell.xib */ = {isa = PBXFileReference; lastKnownFileType = file.xib; path = ListRestaurentTableViewCell.xib; sourceTree = "<group>"; };
		2A280C952553A0EC005EDDDC /* DetailsRestaurentViewController.swift */ = {isa = PBXFileReference; lastKnownFileType = sourcecode.swift; path = DetailsRestaurentViewController.swift; sourceTree = "<group>"; };
		2A280C962553A0EC005EDDDC /* DetailsRestaurentViewController.xib */ = {isa = PBXFileReference; lastKnownFileType = file.xib; path = DetailsRestaurentViewController.xib; sourceTree = "<group>"; };
		2A280C9F2553A465005EDDDC /* PromosTableViewCell.swift */ = {isa = PBXFileReference; lastKnownFileType = sourcecode.swift; path = PromosTableViewCell.swift; sourceTree = "<group>"; };
		2A280CA02553A465005EDDDC /* PromosTableViewCell.xib */ = {isa = PBXFileReference; lastKnownFileType = file.xib; path = PromosTableViewCell.xib; sourceTree = "<group>"; };
		2A280CAC2553AADE005EDDDC /* PopSaveRestaurentViewController.swift */ = {isa = PBXFileReference; lastKnownFileType = sourcecode.swift; path = PopSaveRestaurentViewController.swift; sourceTree = "<group>"; };
		2A280CAD2553AADE005EDDDC /* PopSaveRestaurentViewController.xib */ = {isa = PBXFileReference; lastKnownFileType = file.xib; path = PopSaveRestaurentViewController.xib; sourceTree = "<group>"; };
		2A280CB82553AE88005EDDDC /* PopAddPromoViewController.swift */ = {isa = PBXFileReference; lastKnownFileType = sourcecode.swift; path = PopAddPromoViewController.swift; sourceTree = "<group>"; };
		2A280CB92553AE88005EDDDC /* PopAddPromoViewController.xib */ = {isa = PBXFileReference; lastKnownFileType = file.xib; path = PopAddPromoViewController.xib; sourceTree = "<group>"; };
		2A340007255A3FB10059418E /* ListRestaurentUserViewController.swift */ = {isa = PBXFileReference; lastKnownFileType = sourcecode.swift; path = ListRestaurentUserViewController.swift; sourceTree = "<group>"; };
		2A340008255A3FB10059418E /* ListRestaurentUserViewController.xib */ = {isa = PBXFileReference; lastKnownFileType = file.xib; path = ListRestaurentUserViewController.xib; sourceTree = "<group>"; };
		2A340012255A43560059418E /* RestaurentsTableViewCell.swift */ = {isa = PBXFileReference; lastKnownFileType = sourcecode.swift; path = RestaurentsTableViewCell.swift; sourceTree = "<group>"; };
		2A340013255A43560059418E /* RestaurentsTableViewCell.xib */ = {isa = PBXFileReference; lastKnownFileType = file.xib; path = RestaurentsTableViewCell.xib; sourceTree = "<group>"; };
		2A34001E255A493E0059418E /* FindRestaurentDishViewController.swift */ = {isa = PBXFileReference; lastKnownFileType = sourcecode.swift; path = FindRestaurentDishViewController.swift; sourceTree = "<group>"; };
		2A34001F255A493E0059418E /* FindRestaurentDishViewController.xib */ = {isa = PBXFileReference; lastKnownFileType = file.xib; path = FindRestaurentDishViewController.xib; sourceTree = "<group>"; };
		2A340027255A549A0059418E /* InfomationUserViewController.swift */ = {isa = PBXFileReference; lastKnownFileType = sourcecode.swift; path = InfomationUserViewController.swift; sourceTree = "<group>"; };
		2A340028255A549A0059418E /* InfomationUserViewController.xib */ = {isa = PBXFileReference; lastKnownFileType = file.xib; path = InfomationUserViewController.xib; sourceTree = "<group>"; };
		2A340032255A757F0059418E /* DetailUserViewController.swift */ = {isa = PBXFileReference; lastKnownFileType = sourcecode.swift; path = DetailUserViewController.swift; sourceTree = "<group>"; };
		2A340033255A757F0059418E /* DetailUserViewController.xib */ = {isa = PBXFileReference; lastKnownFileType = file.xib; path = DetailUserViewController.xib; sourceTree = "<group>"; };
		2A340056255A897B0059418E /* GoogleService-Info.plist */ = {isa = PBXFileReference; fileEncoding = 4; lastKnownFileType = text.plist.xml; path = "GoogleService-Info.plist"; sourceTree = "<group>"; };
		2A34007F255A9BB50059418E /* FirebaseManager.swift */ = {isa = PBXFileReference; lastKnownFileType = sourcecode.swift; path = FirebaseManager.swift; sourceTree = "<group>"; };
		2A34FFFE255A3CD50059418E /* typeRestaurentUserCollectionViewCell.swift */ = {isa = PBXFileReference; lastKnownFileType = sourcecode.swift; path = typeRestaurentUserCollectionViewCell.swift; sourceTree = "<group>"; };
		2A34FFFF255A3CD50059418E /* typeRestaurentUserCollectionViewCell.xib */ = {isa = PBXFileReference; lastKnownFileType = file.xib; path = typeRestaurentUserCollectionViewCell.xib; sourceTree = "<group>"; };
		2A3BB8FA256EA251008533A6 /* CartViewController.swift */ = {isa = PBXFileReference; lastKnownFileType = sourcecode.swift; path = CartViewController.swift; sourceTree = "<group>"; };
		2A3BB8FB256EA251008533A6 /* CartViewController.xib */ = {isa = PBXFileReference; lastKnownFileType = file.xib; path = CartViewController.xib; sourceTree = "<group>"; };
		2A3C63122552CF8C00996077 /* FoodApp.app */ = {isa = PBXFileReference; explicitFileType = wrapper.application; includeInIndex = 0; path = FoodApp.app; sourceTree = BUILT_PRODUCTS_DIR; };
		2A3C63152552CF8C00996077 /* AppDelegate.swift */ = {isa = PBXFileReference; lastKnownFileType = sourcecode.swift; path = AppDelegate.swift; sourceTree = "<group>"; };
		2A3C63172552CF8C00996077 /* SceneDelegate.swift */ = {isa = PBXFileReference; lastKnownFileType = sourcecode.swift; path = SceneDelegate.swift; sourceTree = "<group>"; };
		2A3C631E2552CF8D00996077 /* Assets.xcassets */ = {isa = PBXFileReference; lastKnownFileType = folder.assetcatalog; path = Assets.xcassets; sourceTree = "<group>"; };
		2A3C63212552CF8D00996077 /* Base */ = {isa = PBXFileReference; lastKnownFileType = file.storyboard; name = Base; path = Base.lproj/LaunchScreen.storyboard; sourceTree = "<group>"; };
		2A3C63232552CF8D00996077 /* Info.plist */ = {isa = PBXFileReference; lastKnownFileType = text.plist.xml; path = Info.plist; sourceTree = "<group>"; };
		2A3C63282552CF8D00996077 /* FoodAppTests.xctest */ = {isa = PBXFileReference; explicitFileType = wrapper.cfbundle; includeInIndex = 0; path = FoodAppTests.xctest; sourceTree = BUILT_PRODUCTS_DIR; };
		2A3C632C2552CF8D00996077 /* FoodAppTests.swift */ = {isa = PBXFileReference; lastKnownFileType = sourcecode.swift; path = FoodAppTests.swift; sourceTree = "<group>"; };
		2A3C632E2552CF8D00996077 /* Info.plist */ = {isa = PBXFileReference; lastKnownFileType = text.plist.xml; path = Info.plist; sourceTree = "<group>"; };
		2A3C63332552CF8E00996077 /* FoodAppUITests.xctest */ = {isa = PBXFileReference; explicitFileType = wrapper.cfbundle; includeInIndex = 0; path = FoodAppUITests.xctest; sourceTree = BUILT_PRODUCTS_DIR; };
		2A3C63372552CF8E00996077 /* FoodAppUITests.swift */ = {isa = PBXFileReference; lastKnownFileType = sourcecode.swift; path = FoodAppUITests.swift; sourceTree = "<group>"; };
		2A3C63392552CF8E00996077 /* Info.plist */ = {isa = PBXFileReference; lastKnownFileType = text.plist.xml; path = Info.plist; sourceTree = "<group>"; };
		2A3C63502552D1CC00996077 /* SignInViewController.swift */ = {isa = PBXFileReference; lastKnownFileType = sourcecode.swift; path = SignInViewController.swift; sourceTree = "<group>"; };
		2A3C63512552D1CC00996077 /* SignInViewController.xib */ = {isa = PBXFileReference; lastKnownFileType = file.xib; path = SignInViewController.xib; sourceTree = "<group>"; };
		2A3C635E2552D81B00996077 /* SignUpViewController.swift */ = {isa = PBXFileReference; lastKnownFileType = sourcecode.swift; path = SignUpViewController.swift; sourceTree = "<group>"; };
		2A3C635F2552D81B00996077 /* SignUpViewController.xib */ = {isa = PBXFileReference; lastKnownFileType = file.xib; path = SignUpViewController.xib; sourceTree = "<group>"; };
		2A3C636B2552DC4D00996077 /* AdminHomeViewController.swift */ = {isa = PBXFileReference; lastKnownFileType = sourcecode.swift; path = AdminHomeViewController.swift; sourceTree = "<group>"; };
		2A3C636C2552DC4D00996077 /* AdminHomeViewController.xib */ = {isa = PBXFileReference; lastKnownFileType = file.xib; path = AdminHomeViewController.xib; sourceTree = "<group>"; };
		2A3C63792552E1B800996077 /* TypeRestaurentCollectionViewCell.swift */ = {isa = PBXFileReference; lastKnownFileType = sourcecode.swift; path = TypeRestaurentCollectionViewCell.swift; sourceTree = "<group>"; };
		2A3C637A2552E1B800996077 /* TypeRestaurentCollectionViewCell.xib */ = {isa = PBXFileReference; lastKnownFileType = file.xib; path = TypeRestaurentCollectionViewCell.xib; sourceTree = "<group>"; };
		2A3C63812552E37400996077 /* InfoRestaurentModel.swift */ = {isa = PBXFileReference; lastKnownFileType = sourcecode.swift; path = InfoRestaurentModel.swift; sourceTree = "<group>"; };
		2A419E7C25734452008C9429 /* restaurantInUserTableViewCell.swift */ = {isa = PBXFileReference; lastKnownFileType = sourcecode.swift; path = restaurantInUserTableViewCell.swift; sourceTree = "<group>"; };
		2A419E7D25734452008C9429 /* restaurantInUserTableViewCell.xib */ = {isa = PBXFileReference; lastKnownFileType = file.xib; path = restaurantInUserTableViewCell.xib; sourceTree = "<group>"; };
		2A419E84257395E9008C9429 /* APIPlace.swift */ = {isa = PBXFileReference; lastKnownFileType = sourcecode.swift; path = APIPlace.swift; sourceTree = "<group>"; };
		2A4397C32570B2B7004B51D4 /* DishisCommingViewController.swift */ = {isa = PBXFileReference; lastKnownFileType = sourcecode.swift; path = DishisCommingViewController.swift; sourceTree = "<group>"; };
		2A4397C42570B2B7004B51D4 /* DishisCommingViewController.xib */ = {isa = PBXFileReference; lastKnownFileType = file.xib; path = DishisCommingViewController.xib; sourceTree = "<group>"; };
		2A4397E22570BBB8004B51D4 /* cooking.gif */ = {isa = PBXFileReference; lastKnownFileType = image.gif; path = cooking.gif; sourceTree = "<group>"; };
		2A4398032570C704004B51D4 /* dishOrderedTableViewCell.swift */ = {isa = PBXFileReference; lastKnownFileType = sourcecode.swift; path = dishOrderedTableViewCell.swift; sourceTree = "<group>"; };
		2A4398042570C704004B51D4 /* dishOrderedTableViewCell.xib */ = {isa = PBXFileReference; lastKnownFileType = file.xib; path = dishOrderedTableViewCell.xib; sourceTree = "<group>"; };
		2A43980A2570CC90004B51D4 /* shipper.gif */ = {isa = PBXFileReference; lastKnownFileType = image.gif; path = shipper.gif; sourceTree = "<group>"; };
		2A4398112570D8F2004B51D4 /* HomeRestaurantViewController.swift */ = {isa = PBXFileReference; lastKnownFileType = sourcecode.swift; path = HomeRestaurantViewController.swift; sourceTree = "<group>"; };
		2A4398122570D8F2004B51D4 /* HomeRestaurantViewController.xib */ = {isa = PBXFileReference; lastKnownFileType = file.xib; path = HomeRestaurantViewController.xib; sourceTree = "<group>"; };
		2A43981C2570E9BA004B51D4 /* ListOrderTableViewCell.swift */ = {isa = PBXFileReference; lastKnownFileType = sourcecode.swift; path = ListOrderTableViewCell.swift; sourceTree = "<group>"; };
		2A43981D2570E9BA004B51D4 /* ListOrderTableViewCell.xib */ = {isa = PBXFileReference; lastKnownFileType = file.xib; path = ListOrderTableViewCell.xib; sourceTree = "<group>"; };
		2A65D2B7256CE6D800D973A8 /* DetailRestaurantUserViewController.swift */ = {isa = PBXFileReference; lastKnownFileType = sourcecode.swift; path = DetailRestaurantUserViewController.swift; sourceTree = "<group>"; };
		2A65D2B8256CE6D800D973A8 /* DetailRestaurantUserViewController.xib */ = {isa = PBXFileReference; lastKnownFileType = file.xib; path = DetailRestaurantUserViewController.xib; sourceTree = "<group>"; };
		2A65D2C9256CF57600D973A8 /* ListDishTableViewCell.swift */ = {isa = PBXFileReference; lastKnownFileType = sourcecode.swift; path = ListDishTableViewCell.swift; sourceTree = "<group>"; };
		2A65D2CA256CF57600D973A8 /* ListDishTableViewCell.xib */ = {isa = PBXFileReference; lastKnownFileType = file.xib; path = ListDishTableViewCell.xib; sourceTree = "<group>"; };
		2A78784C2559733C00EE7391 /* DishTableViewCell.swift */ = {isa = PBXFileReference; lastKnownFileType = sourcecode.swift; path = DishTableViewCell.swift; sourceTree = "<group>"; };
		2A78784D2559733C00EE7391 /* DishTableViewCell.xib */ = {isa = PBXFileReference; lastKnownFileType = file.xib; path = DishTableViewCell.xib; sourceTree = "<group>"; };
		2A78785625597A1200EE7391 /* AddDishsViewController.swift */ = {isa = PBXFileReference; lastKnownFileType = sourcecode.swift; path = AddDishsViewController.swift; sourceTree = "<group>"; };
		2A78785725597A1200EE7391 /* AddDishsViewController.xib */ = {isa = PBXFileReference; lastKnownFileType = file.xib; path = AddDishsViewController.xib; sourceTree = "<group>"; };
		2A78785D25597F6C00EE7391 /* StatusDishViewController.swift */ = {isa = PBXFileReference; lastKnownFileType = sourcecode.swift; path = StatusDishViewController.swift; sourceTree = "<group>"; };
		2A78785E25597F6C00EE7391 /* StatusDishViewController.xib */ = {isa = PBXFileReference; lastKnownFileType = file.xib; path = StatusDishViewController.xib; sourceTree = "<group>"; };
		2A78786725598D6600EE7391 /* UsersHomeViewController.swift */ = {isa = PBXFileReference; lastKnownFileType = sourcecode.swift; path = UsersHomeViewController.swift; sourceTree = "<group>"; };
		2A78786825598D6600EE7391 /* UsersHomeViewController.xib */ = {isa = PBXFileReference; lastKnownFileType = file.xib; path = UsersHomeViewController.xib; sourceTree = "<group>"; };
		2A86E134255645CF00C1647F /* RestaurentHomeViewController.swift */ = {isa = PBXFileReference; lastKnownFileType = sourcecode.swift; path = RestaurentHomeViewController.swift; sourceTree = "<group>"; };
		2A86E135255645CF00C1647F /* RestaurentHomeViewController.xib */ = {isa = PBXFileReference; lastKnownFileType = file.xib; path = RestaurentHomeViewController.xib; sourceTree = "<group>"; };
		2A86E13F25564B4200C1647F /* RestaurentCatagoryTableViewCell.swift */ = {isa = PBXFileReference; lastKnownFileType = sourcecode.swift; path = RestaurentCatagoryTableViewCell.swift; sourceTree = "<group>"; };
		2A86E14025564B4200C1647F /* RestaurentCatagoryTableViewCell.xib */ = {isa = PBXFileReference; lastKnownFileType = file.xib; path = RestaurentCatagoryTableViewCell.xib; sourceTree = "<group>"; };
		2A86E14B255653A700C1647F /* AddCatagoryViewController.swift */ = {isa = PBXFileReference; lastKnownFileType = sourcecode.swift; path = AddCatagoryViewController.swift; sourceTree = "<group>"; };
		2A86E14C255653A700C1647F /* AddCatagoryViewController.xib */ = {isa = PBXFileReference; lastKnownFileType = file.xib; path = AddCatagoryViewController.xib; sourceTree = "<group>"; };
		2AA4DA65256E10CE0029EC68 /* AddToCardViewController.swift */ = {isa = PBXFileReference; lastKnownFileType = sourcecode.swift; path = AddToCardViewController.swift; sourceTree = "<group>"; };
		2AA4DA66256E10CE0029EC68 /* AddToCardViewController.xib */ = {isa = PBXFileReference; lastKnownFileType = file.xib; path = AddToCardViewController.xib; sourceTree = "<group>"; };
		2AB3123B2564D33800A9824E /* StringExtension.swift */ = {isa = PBXFileReference; lastKnownFileType = sourcecode.swift; path = StringExtension.swift; sourceTree = "<group>"; };
		2AB43472255BBE42003D9DA4 /* UserModel.swift */ = {isa = PBXFileReference; lastKnownFileType = sourcecode.swift; path = UserModel.swift; sourceTree = "<group>"; };
		2AB6B1CB2571EC0D004A6B17 /* DetailOrderViewController.swift */ = {isa = PBXFileReference; lastKnownFileType = sourcecode.swift; path = DetailOrderViewController.swift; sourceTree = "<group>"; };
		2AB6B1CC2571EC0D004A6B17 /* DetailOrderViewController.xib */ = {isa = PBXFileReference; lastKnownFileType = file.xib; path = DetailOrderViewController.xib; sourceTree = "<group>"; };
		2AB6B1D32571F19F004A6B17 /* DishOrderInRestaurantTableViewCell.swift */ = {isa = PBXFileReference; lastKnownFileType = sourcecode.swift; path = DishOrderInRestaurantTableViewCell.swift; sourceTree = "<group>"; };
		2AB6B1D42571F19F004A6B17 /* DishOrderInRestaurantTableViewCell.xib */ = {isa = PBXFileReference; lastKnownFileType = file.xib; path = DishOrderInRestaurantTableViewCell.xib; sourceTree = "<group>"; };
		2ADA49702563B59C00AA85DA /* FoodApp.entitlements */ = {isa = PBXFileReference; lastKnownFileType = text.plist.entitlements; path = FoodApp.entitlements; sourceTree = "<group>"; };
		2ADA49742563C4B500AA85DA /* AddInfoRestaurantViewController.swift */ = {isa = PBXFileReference; lastKnownFileType = sourcecode.swift; path = AddInfoRestaurantViewController.swift; sourceTree = "<group>"; };
		2ADA49752563C4B500AA85DA /* AddInfoRestaurantViewController.xib */ = {isa = PBXFileReference; lastKnownFileType = file.xib; path = AddInfoRestaurantViewController.xib; sourceTree = "<group>"; };
		5547B312FD4CA74D65EBAC54 /* Pods-FoodApp-FoodAppUITests.debug.xcconfig */ = {isa = PBXFileReference; includeInIndex = 1; lastKnownFileType = text.xcconfig; name = "Pods-FoodApp-FoodAppUITests.debug.xcconfig"; path = "Target Support Files/Pods-FoodApp-FoodAppUITests/Pods-FoodApp-FoodAppUITests.debug.xcconfig"; sourceTree = "<group>"; };
		A4496086233536BD81A215B1 /* Pods-FoodApp-FoodAppUITests.release.xcconfig */ = {isa = PBXFileReference; includeInIndex = 1; lastKnownFileType = text.xcconfig; name = "Pods-FoodApp-FoodAppUITests.release.xcconfig"; path = "Target Support Files/Pods-FoodApp-FoodAppUITests/Pods-FoodApp-FoodAppUITests.release.xcconfig"; sourceTree = "<group>"; };
		AAB1C1CC3215982EB02E9FBB /* Pods-FoodApp.release.xcconfig */ = {isa = PBXFileReference; includeInIndex = 1; lastKnownFileType = text.xcconfig; name = "Pods-FoodApp.release.xcconfig"; path = "Target Support Files/Pods-FoodApp/Pods-FoodApp.release.xcconfig"; sourceTree = "<group>"; };
		B6FE0E060109F671634CF634 /* Pods-FoodApp.debug.xcconfig */ = {isa = PBXFileReference; includeInIndex = 1; lastKnownFileType = text.xcconfig; name = "Pods-FoodApp.debug.xcconfig"; path = "Target Support Files/Pods-FoodApp/Pods-FoodApp.debug.xcconfig"; sourceTree = "<group>"; };
		D65AEAF08B951B2970FC5D9E /* Pods-FoodAppTests.debug.xcconfig */ = {isa = PBXFileReference; includeInIndex = 1; lastKnownFileType = text.xcconfig; name = "Pods-FoodAppTests.debug.xcconfig"; path = "Target Support Files/Pods-FoodAppTests/Pods-FoodAppTests.debug.xcconfig"; sourceTree = "<group>"; };
		DD6D114FEF414314563CF0E6 /* Pods_FoodApp.framework */ = {isa = PBXFileReference; explicitFileType = wrapper.framework; includeInIndex = 0; path = Pods_FoodApp.framework; sourceTree = BUILT_PRODUCTS_DIR; };
		F9C4967AEFE6355738D2340C /* Pods-FoodAppTests.release.xcconfig */ = {isa = PBXFileReference; includeInIndex = 1; lastKnownFileType = text.xcconfig; name = "Pods-FoodAppTests.release.xcconfig"; path = "Target Support Files/Pods-FoodAppTests/Pods-FoodAppTests.release.xcconfig"; sourceTree = "<group>"; };
/* End PBXFileReference section */

/* Begin PBXFrameworksBuildPhase section */
		2A3C630F2552CF8C00996077 /* Frameworks */ = {
			isa = PBXFrameworksBuildPhase;
			buildActionMask = 2147483647;
			files = (
				D4A1F5DB91C9C9B871B86D0F /* Pods_FoodApp.framework in Frameworks */,
			);
			runOnlyForDeploymentPostprocessing = 0;
		};
		2A3C63252552CF8D00996077 /* Frameworks */ = {
			isa = PBXFrameworksBuildPhase;
			buildActionMask = 2147483647;
			files = (
				B123625ED13BB99CD56425F1 /* Pods_FoodAppTests.framework in Frameworks */,
			);
			runOnlyForDeploymentPostprocessing = 0;
		};
		2A3C63302552CF8E00996077 /* Frameworks */ = {
			isa = PBXFrameworksBuildPhase;
			buildActionMask = 2147483647;
			files = (
				5C744FD04A7C29E46D5045F8 /* Pods_FoodApp_FoodAppUITests.framework in Frameworks */,
			);
			runOnlyForDeploymentPostprocessing = 0;
		};
/* End PBXFrameworksBuildPhase section */

/* Begin PBXGroup section */
		2A15B97F2556A87F00CF0238 /* Dish */ = {
			isa = PBXGroup;
			children = (
				2A78784B255972F900EE7391 /* View */,
				2A15B9802556A8AD00CF0238 /* ViewController */,
			);
			path = Dish;
			sourceTree = "<group>";
		};
		2A15B9802556A8AD00CF0238 /* ViewController */ = {
			isa = PBXGroup;
			children = (
				2A15B9812556A8C500CF0238 /* DishViewController.swift */,
				2A15B9822556A8C500CF0238 /* DishViewController.xib */,
			);
			path = ViewController;
			sourceTree = "<group>";
		};
		2A280C7425539888005EDDDC /* ListRestaurent */ = {
			isa = PBXGroup;
			children = (
				2A280C8E25539C2B005EDDDC /* Model */,
				2A280C8025539936005EDDDC /* View */,
				2A280C752553989B005EDDDC /* ViewController */,
			);
			path = ListRestaurent;
			sourceTree = "<group>";
		};
		2A280C752553989B005EDDDC /* ViewController */ = {
			isa = PBXGroup;
			children = (
				2A280C76255398BF005EDDDC /* ListRestaurentViewController.swift */,
				2A280C77255398BF005EDDDC /* ListRestaurentViewController.xib */,
			);
			path = ViewController;
			sourceTree = "<group>";
		};
		2A280C8025539936005EDDDC /* View */ = {
			isa = PBXGroup;
			children = (
				2A280C8125539965005EDDDC /* ListRestaurentTableViewCell.swift */,
				2A280C8225539965005EDDDC /* ListRestaurentTableViewCell.xib */,
			);
			path = View;
			sourceTree = "<group>";
		};
		2A280C8E25539C2B005EDDDC /* Model */ = {
			isa = PBXGroup;
			children = (
				2A3C63812552E37400996077 /* InfoRestaurentModel.swift */,
			);
			path = Model;
			sourceTree = "<group>";
		};
		2A280C9C2553A40E005EDDDC /* DetailsRestaurent */ = {
			isa = PBXGroup;
			children = (
				2A280C9E2553A438005EDDDC /* View */,
				2A280C9D2553A425005EDDDC /* ViewController */,
			);
			path = DetailsRestaurent;
			sourceTree = "<group>";
		};
		2A280C9D2553A425005EDDDC /* ViewController */ = {
			isa = PBXGroup;
			children = (
				2A280C952553A0EC005EDDDC /* DetailsRestaurentViewController.swift */,
				2A280C962553A0EC005EDDDC /* DetailsRestaurentViewController.xib */,
			);
			path = ViewController;
			sourceTree = "<group>";
		};
		2A280C9E2553A438005EDDDC /* View */ = {
			isa = PBXGroup;
			children = (
				2A280C9F2553A465005EDDDC /* PromosTableViewCell.swift */,
				2A280CA02553A465005EDDDC /* PromosTableViewCell.xib */,
			);
			path = View;
			sourceTree = "<group>";
		};
		2A280CB32553AAE4005EDDDC /* PopView */ = {
			isa = PBXGroup;
			children = (
				2A280CB42553AB09005EDDDC /* ViewController */,
			);
			path = PopView;
			sourceTree = "<group>";
		};
		2A280CB42553AB09005EDDDC /* ViewController */ = {
			isa = PBXGroup;
			children = (
				2A280CAC2553AADE005EDDDC /* PopSaveRestaurentViewController.swift */,
				2A280CAD2553AADE005EDDDC /* PopSaveRestaurentViewController.xib */,
				2A280CB82553AE88005EDDDC /* PopAddPromoViewController.swift */,
				2A280CB92553AE88005EDDDC /* PopAddPromoViewController.xib */,
			);
			path = ViewController;
			sourceTree = "<group>";
		};
		2A340005255A3F650059418E /* ListRestaurentsUser */ = {
			isa = PBXGroup;
			children = (
				2A340011255A43300059418E /* View */,
				2A340006255A3F800059418E /* ViewController */,
			);
			path = ListRestaurentsUser;
			sourceTree = "<group>";
		};
		2A340006255A3F800059418E /* ViewController */ = {
			isa = PBXGroup;
			children = (
				2A340007255A3FB10059418E /* ListRestaurentUserViewController.swift */,
				2A340008255A3FB10059418E /* ListRestaurentUserViewController.xib */,
			);
			path = ViewController;
			sourceTree = "<group>";
		};
		2A340011255A43300059418E /* View */ = {
			isa = PBXGroup;
			children = (
				2A340012255A43560059418E /* RestaurentsTableViewCell.swift */,
				2A340013255A43560059418E /* RestaurentsTableViewCell.xib */,
			);
			path = View;
			sourceTree = "<group>";
		};
		2A34001C255A48B60059418E /* FindRestaurentAndDish */ = {
			isa = PBXGroup;
			children = (
				2A419E7025734407008C9429 /* View */,
				2A34001D255A48FE0059418E /* ViewController */,
			);
			path = FindRestaurentAndDish;
			sourceTree = "<group>";
		};
		2A34001D255A48FE0059418E /* ViewController */ = {
			isa = PBXGroup;
			children = (
				2A34001E255A493E0059418E /* FindRestaurentDishViewController.swift */,
				2A34001F255A493E0059418E /* FindRestaurentDishViewController.xib */,
			);
			path = ViewController;
			sourceTree = "<group>";
		};
		2A340025255A53FD0059418E /* InfomationUser */ = {
			isa = PBXGroup;
			children = (
				2A340026255A54730059418E /* ViewController */,
			);
			path = InfomationUser;
			sourceTree = "<group>";
		};
		2A340026255A54730059418E /* ViewController */ = {
			isa = PBXGroup;
			children = (
				2A340027255A549A0059418E /* InfomationUserViewController.swift */,
				2A340028255A549A0059418E /* InfomationUserViewController.xib */,
				2A340032255A757F0059418E /* DetailUserViewController.swift */,
				2A340033255A757F0059418E /* DetailUserViewController.xib */,
			);
			path = ViewController;
			sourceTree = "<group>";
		};
		2A34007D255A9B6D0059418E /* FireBaseManager */ = {
			isa = PBXGroup;
			children = (
				2A340056255A897B0059418E /* GoogleService-Info.plist */,
				2A34007F255A9BB50059418E /* FirebaseManager.swift */,
			);
			path = FireBaseManager;
			sourceTree = "<group>";
		};
		2A34FFDC255A36AE0059418E /* View */ = {
			isa = PBXGroup;
			children = (
				2A34FFFE255A3CD50059418E /* typeRestaurentUserCollectionViewCell.swift */,
				2A34FFFF255A3CD50059418E /* typeRestaurentUserCollectionViewCell.xib */,
			);
			path = View;
			sourceTree = "<group>";
		};
		2A3BB8F4256EA190008533A6 /* Cart */ = {
			isa = PBXGroup;
			children = (
				2A3BB8F6256EA1A9008533A6 /* View */,
				2A3BB8F5256EA1A1008533A6 /* ViewController */,
			);
			path = Cart;
			sourceTree = "<group>";
		};
		2A3BB8F5256EA1A1008533A6 /* ViewController */ = {
			isa = PBXGroup;
			children = (
				2A3BB8FA256EA251008533A6 /* CartViewController.swift */,
				2A3BB8FB256EA251008533A6 /* CartViewController.xib */,
			);
			path = ViewController;
			sourceTree = "<group>";
		};
		2A3BB8F6256EA1A9008533A6 /* View */ = {
			isa = PBXGroup;
			children = (
				2A022408256F5E23000B093B /* DishCollectionViewCell.swift */,
				2A022409256F5E23000B093B /* DishCollectionViewCell.xib */,
				2A02240F256F5E6F000B093B /* CouponsCollectionViewCell.swift */,
				2A022410256F5E6F000B093B /* CouponsCollectionViewCell.xib */,
			);
			path = View;
			sourceTree = "<group>";
		};
		2A3C63092552CF8C00996077 = {
			isa = PBXGroup;
			children = (
				2A3C63142552CF8C00996077 /* FoodApp */,
				2A3C632B2552CF8D00996077 /* FoodAppTests */,
				2A3C63362552CF8E00996077 /* FoodAppUITests */,
				2A3C63132552CF8C00996077 /* Products */,
				57A0DB5F2176A9A0D1FFE541 /* Pods */,
				AF7EAF523629D95759350171 /* Frameworks */,
			);
			sourceTree = "<group>";
		};
		2A3C63132552CF8C00996077 /* Products */ = {
			isa = PBXGroup;
			children = (
				2A3C63122552CF8C00996077 /* FoodApp.app */,
				2A3C63282552CF8D00996077 /* FoodAppTests.xctest */,
				2A3C63332552CF8E00996077 /* FoodAppUITests.xctest */,
			);
			name = Products;
			sourceTree = "<group>";
		};
		2A3C63142552CF8C00996077 /* FoodApp */ = {
			isa = PBXGroup;
			children = (
				2A419E83257395C2008C9429 /* API key */,
				2AB3123A2564D31800A9824E /* Extension */,
				2ADA49702563B59C00AA85DA /* FoodApp.entitlements */,
				2A34007D255A9B6D0059418E /* FireBaseManager */,
				2A3C634B2552CFF100996077 /* Screen */,
				2A3C63152552CF8C00996077 /* AppDelegate.swift */,
				2A3C63172552CF8C00996077 /* SceneDelegate.swift */,
				2A4397E22570BBB8004B51D4 /* cooking.gif */,
				2A43980A2570CC90004B51D4 /* shipper.gif */,
				2A3C631E2552CF8D00996077 /* Assets.xcassets */,
				2A3C63202552CF8D00996077 /* LaunchScreen.storyboard */,
				2A3C63232552CF8D00996077 /* Info.plist */,
			);
			path = FoodApp;
			sourceTree = "<group>";
		};
		2A3C632B2552CF8D00996077 /* FoodAppTests */ = {
			isa = PBXGroup;
			children = (
				2A3C632C2552CF8D00996077 /* FoodAppTests.swift */,
				2A3C632E2552CF8D00996077 /* Info.plist */,
			);
			path = FoodAppTests;
			sourceTree = "<group>";
		};
		2A3C63362552CF8E00996077 /* FoodAppUITests */ = {
			isa = PBXGroup;
			children = (
				2A3C63372552CF8E00996077 /* FoodAppUITests.swift */,
				2A3C63392552CF8E00996077 /* Info.plist */,
			);
			path = FoodAppUITests;
			sourceTree = "<group>";
		};
		2A3C634B2552CFF100996077 /* Screen */ = {
			isa = PBXGroup;
			children = (
				2A78786425598CEC00EE7391 /* Users */,
				2A86E1312556456900C1647F /* Restaurent */,
				2A3C63682552DC0C00996077 /* Admin */,
				2A3C634C2552CFFA00996077 /* Account */,
			);
			path = Screen;
			sourceTree = "<group>";
		};
		2A3C634C2552CFFA00996077 /* Account */ = {
			isa = PBXGroup;
			children = (
				2A3C634E2552D19A00996077 /* SignUp */,
				2A3C634D2552D19100996077 /* SignIn */,
			);
			path = Account;
			sourceTree = "<group>";
		};
		2A3C634D2552D19100996077 /* SignIn */ = {
			isa = PBXGroup;
			children = (
				2AB43471255BBE2A003D9DA4 /* Model */,
				2A3C634F2552D1A500996077 /* ViewController */,
			);
			path = SignIn;
			sourceTree = "<group>";
		};
		2A3C634E2552D19A00996077 /* SignUp */ = {
			isa = PBXGroup;
			children = (
				2A3C635D2552D7DE00996077 /* ViewController */,
			);
			path = SignUp;
			sourceTree = "<group>";
		};
		2A3C634F2552D1A500996077 /* ViewController */ = {
			isa = PBXGroup;
			children = (
				2A3C63502552D1CC00996077 /* SignInViewController.swift */,
				2A3C63512552D1CC00996077 /* SignInViewController.xib */,
			);
			path = ViewController;
			sourceTree = "<group>";
		};
		2A3C635D2552D7DE00996077 /* ViewController */ = {
			isa = PBXGroup;
			children = (
				2A3C635E2552D81B00996077 /* SignUpViewController.swift */,
				2A3C635F2552D81B00996077 /* SignUpViewController.xib */,
			);
			path = ViewController;
			sourceTree = "<group>";
		};
		2A3C63682552DC0C00996077 /* Admin */ = {
			isa = PBXGroup;
			children = (
				2A280CB32553AAE4005EDDDC /* PopView */,
				2A280C9C2553A40E005EDDDC /* DetailsRestaurent */,
				2A280C7425539888005EDDDC /* ListRestaurent */,
				2A3C63692552DC1600996077 /* Home */,
			);
			path = Admin;
			sourceTree = "<group>";
		};
		2A3C63692552DC1600996077 /* Home */ = {
			isa = PBXGroup;
			children = (
				2A3C63802552E35D00996077 /* Model */,
				2A3C63752552E16100996077 /* View */,
				2A3C636A2552DC2300996077 /* ViewController */,
			);
			path = Home;
			sourceTree = "<group>";
		};
		2A3C636A2552DC2300996077 /* ViewController */ = {
			isa = PBXGroup;
			children = (
				2A3C636B2552DC4D00996077 /* AdminHomeViewController.swift */,
				2A3C636C2552DC4D00996077 /* AdminHomeViewController.xib */,
			);
			path = ViewController;
			sourceTree = "<group>";
		};
		2A3C63752552E16100996077 /* View */ = {
			isa = PBXGroup;
			children = (
				2A3C63792552E1B800996077 /* TypeRestaurentCollectionViewCell.swift */,
				2A3C637A2552E1B800996077 /* TypeRestaurentCollectionViewCell.xib */,
			);
			path = View;
			sourceTree = "<group>";
		};
		2A3C63802552E35D00996077 /* Model */ = {
			isa = PBXGroup;
			children = (
			);
			path = Model;
			sourceTree = "<group>";
		};
		2A419E7025734407008C9429 /* View */ = {
			isa = PBXGroup;
			children = (
				2A419E7C25734452008C9429 /* restaurantInUserTableViewCell.swift */,
				2A419E7D25734452008C9429 /* restaurantInUserTableViewCell.xib */,
			);
			path = View;
			sourceTree = "<group>";
		};
		2A419E83257395C2008C9429 /* API key */ = {
			isa = PBXGroup;
			children = (
				2A419E84257395E9008C9429 /* APIPlace.swift */,
			);
			path = "API key";
			sourceTree = "<group>";
		};
		2A4397C12570B284004B51D4 /* DishisComing */ = {
			isa = PBXGroup;
			children = (
				2A4397E72570BE1D004B51D4 /* View */,
				2A4397C22570B296004B51D4 /* ViewController */,
			);
			path = DishisComing;
			sourceTree = "<group>";
		};
		2A4397C22570B296004B51D4 /* ViewController */ = {
			isa = PBXGroup;
			children = (
				2A4397C32570B2B7004B51D4 /* DishisCommingViewController.swift */,
				2A4397C42570B2B7004B51D4 /* DishisCommingViewController.xib */,
			);
			path = ViewController;
			sourceTree = "<group>";
		};
		2A4397E72570BE1D004B51D4 /* View */ = {
			isa = PBXGroup;
			children = (
				2A4398032570C704004B51D4 /* dishOrderedTableViewCell.swift */,
				2A4398042570C704004B51D4 /* dishOrderedTableViewCell.xib */,
			);
			path = View;
			sourceTree = "<group>";
		};
		2A43980F2570D8BB004B51D4 /* Home */ = {
			isa = PBXGroup;
			children = (
				2A43981B2570E9A3004B51D4 /* View */,
				2A4398102570D8C1004B51D4 /* ViewController */,
			);
			path = Home;
			sourceTree = "<group>";
		};
		2A4398102570D8C1004B51D4 /* ViewController */ = {
			isa = PBXGroup;
			children = (
				2A4398112570D8F2004B51D4 /* HomeRestaurantViewController.swift */,
				2A4398122570D8F2004B51D4 /* HomeRestaurantViewController.xib */,
			);
			path = ViewController;
			sourceTree = "<group>";
		};
		2A43981B2570E9A3004B51D4 /* View */ = {
			isa = PBXGroup;
			children = (
				2A43981C2570E9BA004B51D4 /* ListOrderTableViewCell.swift */,
				2A43981D2570E9BA004B51D4 /* ListOrderTableViewCell.xib */,
			);
			path = View;
			sourceTree = "<group>";
		};
		2A65D2B5256CE67B00D973A8 /* DetailRestaurantUser */ = {
			isa = PBXGroup;
			children = (
				2A65D2BE256CE6E600D973A8 /* View */,
				2A65D2B6256CE69900D973A8 /* ViewController */,
			);
			path = DetailRestaurantUser;
			sourceTree = "<group>";
		};
		2A65D2B6256CE69900D973A8 /* ViewController */ = {
			isa = PBXGroup;
			children = (
				2A65D2B7256CE6D800D973A8 /* DetailRestaurantUserViewController.swift */,
				2A65D2B8256CE6D800D973A8 /* DetailRestaurantUserViewController.xib */,
			);
			path = ViewController;
			sourceTree = "<group>";
		};
		2A65D2BE256CE6E600D973A8 /* View */ = {
			isa = PBXGroup;
			children = (
				2A65D2C9256CF57600D973A8 /* ListDishTableViewCell.swift */,
				2A65D2CA256CF57600D973A8 /* ListDishTableViewCell.xib */,
			);
			path = View;
			sourceTree = "<group>";
		};
		2A78784B255972F900EE7391 /* View */ = {
			isa = PBXGroup;
			children = (
				2A78784C2559733C00EE7391 /* DishTableViewCell.swift */,
				2A78784D2559733C00EE7391 /* DishTableViewCell.xib */,
			);
			path = View;
			sourceTree = "<group>";
		};
		2A78786425598CEC00EE7391 /* Users */ = {
			isa = PBXGroup;
			children = (
				2A4397C12570B284004B51D4 /* DishisComing */,
				2A3BB8F4256EA190008533A6 /* Cart */,
				2AA4DA63256E101C0029EC68 /* AddToCart */,
				2A340025255A53FD0059418E /* InfomationUser */,
				2A34001C255A48B60059418E /* FindRestaurentAndDish */,
				2A65D2B5256CE67B00D973A8 /* DetailRestaurantUser */,
				2A340005255A3F650059418E /* ListRestaurentsUser */,
				2A78786525598CF600EE7391 /* Home */,
			);
			path = Users;
			sourceTree = "<group>";
		};
		2A78786525598CF600EE7391 /* Home */ = {
			isa = PBXGroup;
			children = (
				2A34FFDC255A36AE0059418E /* View */,
				2A78786625598CFC00EE7391 /* ViewController */,
			);
			path = Home;
			sourceTree = "<group>";
		};
		2A78786625598CFC00EE7391 /* ViewController */ = {
			isa = PBXGroup;
			children = (
				2A78786725598D6600EE7391 /* UsersHomeViewController.swift */,
				2A78786825598D6600EE7391 /* UsersHomeViewController.xib */,
			);
			path = ViewController;
			sourceTree = "<group>";
		};
		2A86E1312556456900C1647F /* Restaurent */ = {
			isa = PBXGroup;
			children = (
				2AB6B1C92571EBE4004A6B17 /* DetailOrder */,
				2A43980F2570D8BB004B51D4 /* Home */,
				2A15B97F2556A87F00CF0238 /* Dish */,
				2A86E1492556531900C1647F /* PopView */,
				2A86E1322556457F00C1647F /* EditCatagory */,
			);
			path = Restaurent;
			sourceTree = "<group>";
		};
		2A86E1322556457F00C1647F /* EditCatagory */ = {
			isa = PBXGroup;
			children = (
				2A86E13E25564AF800C1647F /* View */,
				2A86E1332556459100C1647F /* ViewController */,
			);
			path = EditCatagory;
			sourceTree = "<group>";
		};
		2A86E1332556459100C1647F /* ViewController */ = {
			isa = PBXGroup;
			children = (
				2A86E134255645CF00C1647F /* RestaurentHomeViewController.swift */,
				2A86E135255645CF00C1647F /* RestaurentHomeViewController.xib */,
			);
			path = ViewController;
			sourceTree = "<group>";
		};
		2A86E13E25564AF800C1647F /* View */ = {
			isa = PBXGroup;
			children = (
				2A86E13F25564B4200C1647F /* RestaurentCatagoryTableViewCell.swift */,
				2A86E14025564B4200C1647F /* RestaurentCatagoryTableViewCell.xib */,
			);
			path = View;
			sourceTree = "<group>";
		};
		2A86E1492556531900C1647F /* PopView */ = {
			isa = PBXGroup;
			children = (
				2A86E14A2556535F00C1647F /* ViewController */,
			);
			path = PopView;
			sourceTree = "<group>";
		};
		2A86E14A2556535F00C1647F /* ViewController */ = {
			isa = PBXGroup;
			children = (
				2A86E14B255653A700C1647F /* AddCatagoryViewController.swift */,
				2A86E14C255653A700C1647F /* AddCatagoryViewController.xib */,
				2A15B9752556A2A700CF0238 /* StatisticallViewController.swift */,
				2A15B9762556A2A700CF0238 /* StatisticallViewController.xib */,
				2A78785625597A1200EE7391 /* AddDishsViewController.swift */,
				2A78785725597A1200EE7391 /* AddDishsViewController.xib */,
				2A78785D25597F6C00EE7391 /* StatusDishViewController.swift */,
				2A78785E25597F6C00EE7391 /* StatusDishViewController.xib */,
				2ADA49742563C4B500AA85DA /* AddInfoRestaurantViewController.swift */,
				2ADA49752563C4B500AA85DA /* AddInfoRestaurantViewController.xib */,
			);
			path = ViewController;
			sourceTree = "<group>";
		};
		2AA4DA63256E101C0029EC68 /* AddToCart */ = {
			isa = PBXGroup;
			children = (
				2AA4DA64256E10A60029EC68 /* ViewController */,
			);
			path = AddToCart;
			sourceTree = "<group>";
		};
		2AA4DA64256E10A60029EC68 /* ViewController */ = {
			isa = PBXGroup;
			children = (
				2AA4DA65256E10CE0029EC68 /* AddToCardViewController.swift */,
				2AA4DA66256E10CE0029EC68 /* AddToCardViewController.xib */,
			);
			path = ViewController;
			sourceTree = "<group>";
		};
		2AB3123A2564D31800A9824E /* Extension */ = {
			isa = PBXGroup;
			children = (
				2AB3123B2564D33800A9824E /* StringExtension.swift */,
			);
			path = Extension;
			sourceTree = "<group>";
		};
		2AB43471255BBE2A003D9DA4 /* Model */ = {
			isa = PBXGroup;
			children = (
				2AB43472255BBE42003D9DA4 /* UserModel.swift */,
			);
			path = Model;
			sourceTree = "<group>";
		};
		2AB6B1C92571EBE4004A6B17 /* DetailOrder */ = {
			isa = PBXGroup;
			children = (
				2AB6B1D22571F179004A6B17 /* View */,
				2AB6B1CA2571EBEF004A6B17 /* ViewController */,
			);
			path = DetailOrder;
			sourceTree = "<group>";
		};
		2AB6B1CA2571EBEF004A6B17 /* ViewController */ = {
			isa = PBXGroup;
			children = (
				2AB6B1CB2571EC0D004A6B17 /* DetailOrderViewController.swift */,
				2AB6B1CC2571EC0D004A6B17 /* DetailOrderViewController.xib */,
			);
			path = ViewController;
			sourceTree = "<group>";
		};
		2AB6B1D22571F179004A6B17 /* View */ = {
			isa = PBXGroup;
			children = (
				2AB6B1D32571F19F004A6B17 /* DishOrderInRestaurantTableViewCell.swift */,
				2AB6B1D42571F19F004A6B17 /* DishOrderInRestaurantTableViewCell.xib */,
			);
			path = View;
			sourceTree = "<group>";
		};
		57A0DB5F2176A9A0D1FFE541 /* Pods */ = {
			isa = PBXGroup;
			children = (
				B6FE0E060109F671634CF634 /* Pods-FoodApp.debug.xcconfig */,
				AAB1C1CC3215982EB02E9FBB /* Pods-FoodApp.release.xcconfig */,
				5547B312FD4CA74D65EBAC54 /* Pods-FoodApp-FoodAppUITests.debug.xcconfig */,
				A4496086233536BD81A215B1 /* Pods-FoodApp-FoodAppUITests.release.xcconfig */,
				D65AEAF08B951B2970FC5D9E /* Pods-FoodAppTests.debug.xcconfig */,
				F9C4967AEFE6355738D2340C /* Pods-FoodAppTests.release.xcconfig */,
			);
			path = Pods;
			sourceTree = "<group>";
		};
		AF7EAF523629D95759350171 /* Frameworks */ = {
			isa = PBXGroup;
			children = (
				DD6D114FEF414314563CF0E6 /* Pods_FoodApp.framework */,
				1C4E73176A3B0C66FDF5BCDC /* Pods_FoodApp_FoodAppUITests.framework */,
				26B4C9D9656A1B5858EF4910 /* Pods_FoodAppTests.framework */,
			);
			name = Frameworks;
			sourceTree = "<group>";
		};
/* End PBXGroup section */

/* Begin PBXNativeTarget section */
		2A3C63112552CF8C00996077 /* FoodApp */ = {
			isa = PBXNativeTarget;
			buildConfigurationList = 2A3C633C2552CF8E00996077 /* Build configuration list for PBXNativeTarget "FoodApp" */;
			buildPhases = (
				B04F9B7AAB851570C8F6D969 /* [CP] Check Pods Manifest.lock */,
				2A3C630E2552CF8C00996077 /* Sources */,
				2A3C630F2552CF8C00996077 /* Frameworks */,
				2A3C63102552CF8C00996077 /* Resources */,
				6A45B66AE1AB72EB1F03CC5E /* [CP] Embed Pods Frameworks */,
				69F3D582094126D93976E5F0 /* [CP] Copy Pods Resources */,
			);
			buildRules = (
			);
			dependencies = (
			);
			name = FoodApp;
			productName = FoodApp;
			productReference = 2A3C63122552CF8C00996077 /* FoodApp.app */;
			productType = "com.apple.product-type.application";
		};
		2A3C63272552CF8D00996077 /* FoodAppTests */ = {
			isa = PBXNativeTarget;
			buildConfigurationList = 2A3C633F2552CF8E00996077 /* Build configuration list for PBXNativeTarget "FoodAppTests" */;
			buildPhases = (
				7B6955D97BCC1C88980C1D87 /* [CP] Check Pods Manifest.lock */,
				2A3C63242552CF8D00996077 /* Sources */,
				2A3C63252552CF8D00996077 /* Frameworks */,
				2A3C63262552CF8D00996077 /* Resources */,
			);
			buildRules = (
			);
			dependencies = (
				2A3C632A2552CF8D00996077 /* PBXTargetDependency */,
			);
			name = FoodAppTests;
			productName = FoodAppTests;
			productReference = 2A3C63282552CF8D00996077 /* FoodAppTests.xctest */;
			productType = "com.apple.product-type.bundle.unit-test";
		};
		2A3C63322552CF8E00996077 /* FoodAppUITests */ = {
			isa = PBXNativeTarget;
			buildConfigurationList = 2A3C63422552CF8E00996077 /* Build configuration list for PBXNativeTarget "FoodAppUITests" */;
			buildPhases = (
				CEBD41E7526976B69969646D /* [CP] Check Pods Manifest.lock */,
				2A3C632F2552CF8E00996077 /* Sources */,
				2A3C63302552CF8E00996077 /* Frameworks */,
				2A3C63312552CF8E00996077 /* Resources */,
				99716D802CA5FAD42333563F /* [CP] Embed Pods Frameworks */,
				861A959FB986494253490569 /* [CP] Copy Pods Resources */,
			);
			buildRules = (
			);
			dependencies = (
				2A3C63352552CF8E00996077 /* PBXTargetDependency */,
			);
			name = FoodAppUITests;
			productName = FoodAppUITests;
			productReference = 2A3C63332552CF8E00996077 /* FoodAppUITests.xctest */;
			productType = "com.apple.product-type.bundle.ui-testing";
		};
/* End PBXNativeTarget section */

/* Begin PBXProject section */
		2A3C630A2552CF8C00996077 /* Project object */ = {
			isa = PBXProject;
			attributes = {
				LastSwiftUpdateCheck = 1200;
				LastUpgradeCheck = 1200;
				TargetAttributes = {
					2A3C63112552CF8C00996077 = {
						CreatedOnToolsVersion = 12.0.1;
					};
					2A3C63272552CF8D00996077 = {
						CreatedOnToolsVersion = 12.0.1;
						TestTargetID = 2A3C63112552CF8C00996077;
					};
					2A3C63322552CF8E00996077 = {
						CreatedOnToolsVersion = 12.0.1;
						TestTargetID = 2A3C63112552CF8C00996077;
					};
				};
			};
			buildConfigurationList = 2A3C630D2552CF8C00996077 /* Build configuration list for PBXProject "FoodApp" */;
			compatibilityVersion = "Xcode 9.3";
			developmentRegion = en;
			hasScannedForEncodings = 0;
			knownRegions = (
				en,
				Base,
			);
			mainGroup = 2A3C63092552CF8C00996077;
			productRefGroup = 2A3C63132552CF8C00996077 /* Products */;
			projectDirPath = "";
			projectRoot = "";
			targets = (
				2A3C63112552CF8C00996077 /* FoodApp */,
				2A3C63272552CF8D00996077 /* FoodAppTests */,
				2A3C63322552CF8E00996077 /* FoodAppUITests */,
			);
		};
/* End PBXProject section */

/* Begin PBXResourcesBuildPhase section */
		2A3C63102552CF8C00996077 /* Resources */ = {
			isa = PBXResourcesBuildPhase;
			buildActionMask = 2147483647;
			files = (
				2A3C63222552CF8D00996077 /* LaunchScreen.storyboard in Resources */,
				2A022412256F5E6F000B093B /* CouponsCollectionViewCell.xib in Resources */,
				2A3BB8FD256EA251008533A6 /* CartViewController.xib in Resources */,
				2A78785925597A1200EE7391 /* AddDishsViewController.xib in Resources */,
				2A65D2CC256CF57600D973A8 /* ListDishTableViewCell.xib in Resources */,
				2A4397C62570B2B7004B51D4 /* DishisCommingViewController.xib in Resources */,
				2A3C637C2552E1B800996077 /* TypeRestaurentCollectionViewCell.xib in Resources */,
				2A4398062570C704004B51D4 /* dishOrderedTableViewCell.xib in Resources */,
				2A280CBB2553AE88005EDDDC /* PopAddPromoViewController.xib in Resources */,
				2A86E137255645CF00C1647F /* RestaurentHomeViewController.xib in Resources */,
				2AB6B1CE2571EC0D004A6B17 /* DetailOrderViewController.xib in Resources */,
				2A280CAF2553AADE005EDDDC /* PopSaveRestaurentViewController.xib in Resources */,
				2A419E7F25734452008C9429 /* restaurantInUserTableViewCell.xib in Resources */,
				2A340001255A3CD50059418E /* typeRestaurentUserCollectionViewCell.xib in Resources */,
				2A43981F2570E9BA004B51D4 /* ListOrderTableViewCell.xib in Resources */,
				2A3C63532552D1CC00996077 /* SignInViewController.xib in Resources */,
				2A34000A255A3FB10059418E /* ListRestaurentUserViewController.xib in Resources */,
				2A3C63612552D81B00996077 /* SignUpViewController.xib in Resources */,
				2A34002A255A549A0059418E /* InfomationUserViewController.xib in Resources */,
				2A280C8425539965005EDDDC /* ListRestaurentTableViewCell.xib in Resources */,
				2A86E14E255653A700C1647F /* AddCatagoryViewController.xib in Resources */,
				2A340057255A897B0059418E /* GoogleService-Info.plist in Resources */,
				2A43980B2570CC90004B51D4 /* shipper.gif in Resources */,
				2A78786A25598D6600EE7391 /* UsersHomeViewController.xib in Resources */,
				2A280CA22553A465005EDDDC /* PromosTableViewCell.xib in Resources */,
				2AB6B1D62571F19F004A6B17 /* DishOrderInRestaurantTableViewCell.xib in Resources */,
				2A02240B256F5E23000B093B /* DishCollectionViewCell.xib in Resources */,
				2AA4DA68256E10CE0029EC68 /* AddToCardViewController.xib in Resources */,
				2A3C631F2552CF8D00996077 /* Assets.xcassets in Resources */,
				2ADA49772563C4B500AA85DA /* AddInfoRestaurantViewController.xib in Resources */,
				2A78786025597F6C00EE7391 /* StatusDishViewController.xib in Resources */,
				2A65D2BA256CE6D800D973A8 /* DetailRestaurantUserViewController.xib in Resources */,
				2A340015255A43560059418E /* RestaurentsTableViewCell.xib in Resources */,
				2A78784F2559733C00EE7391 /* DishTableViewCell.xib in Resources */,
				2A86E14225564B4200C1647F /* RestaurentCatagoryTableViewCell.xib in Resources */,
				2A3C636E2552DC4D00996077 /* AdminHomeViewController.xib in Resources */,
				2A280C982553A0EC005EDDDC /* DetailsRestaurentViewController.xib in Resources */,
				2A340021255A493E0059418E /* FindRestaurentDishViewController.xib in Resources */,
				2A4397E32570BBB8004B51D4 /* cooking.gif in Resources */,
				2A280C79255398BF005EDDDC /* ListRestaurentViewController.xib in Resources */,
				2A4398142570D8F2004B51D4 /* HomeRestaurantViewController.xib in Resources */,
				2A340035255A757F0059418E /* DetailUserViewController.xib in Resources */,
				2A15B9782556A2A700CF0238 /* StatisticallViewController.xib in Resources */,
				2A15B9842556A8C500CF0238 /* DishViewController.xib in Resources */,
			);
			runOnlyForDeploymentPostprocessing = 0;
		};
		2A3C63262552CF8D00996077 /* Resources */ = {
			isa = PBXResourcesBuildPhase;
			buildActionMask = 2147483647;
			files = (
			);
			runOnlyForDeploymentPostprocessing = 0;
		};
		2A3C63312552CF8E00996077 /* Resources */ = {
			isa = PBXResourcesBuildPhase;
			buildActionMask = 2147483647;
			files = (
			);
			runOnlyForDeploymentPostprocessing = 0;
		};
/* End PBXResourcesBuildPhase section */

/* Begin PBXShellScriptBuildPhase section */
		69F3D582094126D93976E5F0 /* [CP] Copy Pods Resources */ = {
			isa = PBXShellScriptBuildPhase;
			buildActionMask = 2147483647;
			files = (
			);
			inputFileListPaths = (
				"${PODS_ROOT}/Target Support Files/Pods-FoodApp/Pods-FoodApp-resources-${CONFIGURATION}-input-files.xcfilelist",
			);
			name = "[CP] Copy Pods Resources";
			outputFileListPaths = (
				"${PODS_ROOT}/Target Support Files/Pods-FoodApp/Pods-FoodApp-resources-${CONFIGURATION}-output-files.xcfilelist",
			);
			runOnlyForDeploymentPostprocessing = 0;
			shellPath = /bin/sh;
			shellScript = "\"${PODS_ROOT}/Target Support Files/Pods-FoodApp/Pods-FoodApp-resources.sh\"\n";
			showEnvVarsInLog = 0;
		};
		6A45B66AE1AB72EB1F03CC5E /* [CP] Embed Pods Frameworks */ = {
			isa = PBXShellScriptBuildPhase;
			buildActionMask = 2147483647;
			files = (
			);
			inputFileListPaths = (
				"${PODS_ROOT}/Target Support Files/Pods-FoodApp/Pods-FoodApp-frameworks-${CONFIGURATION}-input-files.xcfilelist",
			);
			name = "[CP] Embed Pods Frameworks";
			outputFileListPaths = (
				"${PODS_ROOT}/Target Support Files/Pods-FoodApp/Pods-FoodApp-frameworks-${CONFIGURATION}-output-files.xcfilelist",
			);
			runOnlyForDeploymentPostprocessing = 0;
			shellPath = /bin/sh;
			shellScript = "\"${PODS_ROOT}/Target Support Files/Pods-FoodApp/Pods-FoodApp-frameworks.sh\"\n";
			showEnvVarsInLog = 0;
		};
		7B6955D97BCC1C88980C1D87 /* [CP] Check Pods Manifest.lock */ = {
			isa = PBXShellScriptBuildPhase;
			buildActionMask = 2147483647;
			files = (
			);
			inputFileListPaths = (
			);
			inputPaths = (
				"${PODS_PODFILE_DIR_PATH}/Podfile.lock",
				"${PODS_ROOT}/Manifest.lock",
			);
			name = "[CP] Check Pods Manifest.lock";
			outputFileListPaths = (
			);
			outputPaths = (
				"$(DERIVED_FILE_DIR)/Pods-FoodAppTests-checkManifestLockResult.txt",
			);
			runOnlyForDeploymentPostprocessing = 0;
			shellPath = /bin/sh;
			shellScript = "diff \"${PODS_PODFILE_DIR_PATH}/Podfile.lock\" \"${PODS_ROOT}/Manifest.lock\" > /dev/null\nif [ $? != 0 ] ; then\n    # print error to STDERR\n    echo \"error: The sandbox is not in sync with the Podfile.lock. Run 'pod install' or update your CocoaPods installation.\" >&2\n    exit 1\nfi\n# This output is used by Xcode 'outputs' to avoid re-running this script phase.\necho \"SUCCESS\" > \"${SCRIPT_OUTPUT_FILE_0}\"\n";
			showEnvVarsInLog = 0;
		};
		861A959FB986494253490569 /* [CP] Copy Pods Resources */ = {
			isa = PBXShellScriptBuildPhase;
			buildActionMask = 2147483647;
			files = (
			);
			inputFileListPaths = (
				"${PODS_ROOT}/Target Support Files/Pods-FoodApp-FoodAppUITests/Pods-FoodApp-FoodAppUITests-resources-${CONFIGURATION}-input-files.xcfilelist",
			);
			name = "[CP] Copy Pods Resources";
			outputFileListPaths = (
				"${PODS_ROOT}/Target Support Files/Pods-FoodApp-FoodAppUITests/Pods-FoodApp-FoodAppUITests-resources-${CONFIGURATION}-output-files.xcfilelist",
			);
			runOnlyForDeploymentPostprocessing = 0;
			shellPath = /bin/sh;
			shellScript = "\"${PODS_ROOT}/Target Support Files/Pods-FoodApp-FoodAppUITests/Pods-FoodApp-FoodAppUITests-resources.sh\"\n";
			showEnvVarsInLog = 0;
		};
		99716D802CA5FAD42333563F /* [CP] Embed Pods Frameworks */ = {
			isa = PBXShellScriptBuildPhase;
			buildActionMask = 2147483647;
			files = (
			);
			inputFileListPaths = (
				"${PODS_ROOT}/Target Support Files/Pods-FoodApp-FoodAppUITests/Pods-FoodApp-FoodAppUITests-frameworks-${CONFIGURATION}-input-files.xcfilelist",
			);
			name = "[CP] Embed Pods Frameworks";
			outputFileListPaths = (
				"${PODS_ROOT}/Target Support Files/Pods-FoodApp-FoodAppUITests/Pods-FoodApp-FoodAppUITests-frameworks-${CONFIGURATION}-output-files.xcfilelist",
			);
			runOnlyForDeploymentPostprocessing = 0;
			shellPath = /bin/sh;
			shellScript = "\"${PODS_ROOT}/Target Support Files/Pods-FoodApp-FoodAppUITests/Pods-FoodApp-FoodAppUITests-frameworks.sh\"\n";
			showEnvVarsInLog = 0;
		};
		B04F9B7AAB851570C8F6D969 /* [CP] Check Pods Manifest.lock */ = {
			isa = PBXShellScriptBuildPhase;
			buildActionMask = 2147483647;
			files = (
			);
			inputFileListPaths = (
			);
			inputPaths = (
				"${PODS_PODFILE_DIR_PATH}/Podfile.lock",
				"${PODS_ROOT}/Manifest.lock",
			);
			name = "[CP] Check Pods Manifest.lock";
			outputFileListPaths = (
			);
			outputPaths = (
				"$(DERIVED_FILE_DIR)/Pods-FoodApp-checkManifestLockResult.txt",
			);
			runOnlyForDeploymentPostprocessing = 0;
			shellPath = /bin/sh;
			shellScript = "diff \"${PODS_PODFILE_DIR_PATH}/Podfile.lock\" \"${PODS_ROOT}/Manifest.lock\" > /dev/null\nif [ $? != 0 ] ; then\n    # print error to STDERR\n    echo \"error: The sandbox is not in sync with the Podfile.lock. Run 'pod install' or update your CocoaPods installation.\" >&2\n    exit 1\nfi\n# This output is used by Xcode 'outputs' to avoid re-running this script phase.\necho \"SUCCESS\" > \"${SCRIPT_OUTPUT_FILE_0}\"\n";
			showEnvVarsInLog = 0;
		};
		CEBD41E7526976B69969646D /* [CP] Check Pods Manifest.lock */ = {
			isa = PBXShellScriptBuildPhase;
			buildActionMask = 2147483647;
			files = (
			);
			inputFileListPaths = (
			);
			inputPaths = (
				"${PODS_PODFILE_DIR_PATH}/Podfile.lock",
				"${PODS_ROOT}/Manifest.lock",
			);
			name = "[CP] Check Pods Manifest.lock";
			outputFileListPaths = (
			);
			outputPaths = (
				"$(DERIVED_FILE_DIR)/Pods-FoodApp-FoodAppUITests-checkManifestLockResult.txt",
			);
			runOnlyForDeploymentPostprocessing = 0;
			shellPath = /bin/sh;
			shellScript = "diff \"${PODS_PODFILE_DIR_PATH}/Podfile.lock\" \"${PODS_ROOT}/Manifest.lock\" > /dev/null\nif [ $? != 0 ] ; then\n    # print error to STDERR\n    echo \"error: The sandbox is not in sync with the Podfile.lock. Run 'pod install' or update your CocoaPods installation.\" >&2\n    exit 1\nfi\n# This output is used by Xcode 'outputs' to avoid re-running this script phase.\necho \"SUCCESS\" > \"${SCRIPT_OUTPUT_FILE_0}\"\n";
			showEnvVarsInLog = 0;
		};
/* End PBXShellScriptBuildPhase section */

/* Begin PBXSourcesBuildPhase section */
		2A3C630E2552CF8C00996077 /* Sources */ = {
			isa = PBXSourcesBuildPhase;
			buildActionMask = 2147483647;
			files = (
				2A78786925598D6600EE7391 /* UsersHomeViewController.swift in Sources */,
				2A280CBA2553AE88005EDDDC /* PopAddPromoViewController.swift in Sources */,
				2A3C63162552CF8C00996077 /* AppDelegate.swift in Sources */,
				2A340029255A549A0059418E /* InfomationUserViewController.swift in Sources */,
				2AB3123C2564D33800A9824E /* StringExtension.swift in Sources */,
				2A86E136255645CF00C1647F /* RestaurentHomeViewController.swift in Sources */,
				2A86E14125564B4200C1647F /* RestaurentCatagoryTableViewCell.swift in Sources */,
				2A4398132570D8F2004B51D4 /* HomeRestaurantViewController.swift in Sources */,
				2AA4DA67256E10CE0029EC68 /* AddToCardViewController.swift in Sources */,
				2A65D2B9256CE6D800D973A8 /* DetailRestaurantUserViewController.swift in Sources */,
				2AB6B1D52571F19F004A6B17 /* DishOrderInRestaurantTableViewCell.swift in Sources */,
				2A43981E2570E9BA004B51D4 /* ListOrderTableViewCell.swift in Sources */,
				2A419E85257395E9008C9429 /* APIPlace.swift in Sources */,
				2A280C78255398BF005EDDDC /* ListRestaurentViewController.swift in Sources */,
				2A419E7E25734452008C9429 /* restaurantInUserTableViewCell.swift in Sources */,
				2A340020255A493E0059418E /* FindRestaurentDishViewController.swift in Sources */,
				2A02240A256F5E23000B093B /* DishCollectionViewCell.swift in Sources */,
				2A280CAE2553AADE005EDDDC /* PopSaveRestaurentViewController.swift in Sources */,
				2A3C637B2552E1B800996077 /* TypeRestaurentCollectionViewCell.swift in Sources */,
				2A3C63822552E37400996077 /* InfoRestaurentModel.swift in Sources */,
				2A340009255A3FB10059418E /* ListRestaurentUserViewController.swift in Sources */,
				2A280C8325539965005EDDDC /* ListRestaurentTableViewCell.swift in Sources */,
				2A4398052570C704004B51D4 /* dishOrderedTableViewCell.swift in Sources */,
				2AB6B1CD2571EC0D004A6B17 /* DetailOrderViewController.swift in Sources */,
				2A3BB8FC256EA251008533A6 /* CartViewController.swift in Sources */,
				2A340000255A3CD50059418E /* typeRestaurentUserCollectionViewCell.swift in Sources */,
				2A3C63182552CF8C00996077 /* SceneDelegate.swift in Sources */,
				2A78784E2559733C00EE7391 /* DishTableViewCell.swift in Sources */,
				2A280CA12553A465005EDDDC /* PromosTableViewCell.swift in Sources */,
				2A4397C52570B2B7004B51D4 /* DishisCommingViewController.swift in Sources */,
				2A280C972553A0EC005EDDDC /* DetailsRestaurentViewController.swift in Sources */,
				2A340014255A43560059418E /* RestaurentsTableViewCell.swift in Sources */,
				2A340080255A9BB50059418E /* FirebaseManager.swift in Sources */,
				2A86E14D255653A700C1647F /* AddCatagoryViewController.swift in Sources */,
				2ADA49762563C4B500AA85DA /* AddInfoRestaurantViewController.swift in Sources */,
				2A3C63602552D81B00996077 /* SignUpViewController.swift in Sources */,
				2A15B9832556A8C500CF0238 /* DishViewController.swift in Sources */,
				2A3C63522552D1CC00996077 /* SignInViewController.swift in Sources */,
				2A3C636D2552DC4D00996077 /* AdminHomeViewController.swift in Sources */,
				2A78785F25597F6C00EE7391 /* StatusDishViewController.swift in Sources */,
				2A78785825597A1200EE7391 /* AddDishsViewController.swift in Sources */,
				2A340034255A757F0059418E /* DetailUserViewController.swift in Sources */,
				2A022411256F5E6F000B093B /* CouponsCollectionViewCell.swift in Sources */,
				2AB43473255BBE42003D9DA4 /* UserModel.swift in Sources */,
				2A15B9772556A2A700CF0238 /* StatisticallViewController.swift in Sources */,
				2A65D2CB256CF57600D973A8 /* ListDishTableViewCell.swift in Sources */,
			);
			runOnlyForDeploymentPostprocessing = 0;
		};
		2A3C63242552CF8D00996077 /* Sources */ = {
			isa = PBXSourcesBuildPhase;
			buildActionMask = 2147483647;
			files = (
				2A3C632D2552CF8D00996077 /* FoodAppTests.swift in Sources */,
			);
			runOnlyForDeploymentPostprocessing = 0;
		};
		2A3C632F2552CF8E00996077 /* Sources */ = {
			isa = PBXSourcesBuildPhase;
			buildActionMask = 2147483647;
			files = (
				2A3C63382552CF8E00996077 /* FoodAppUITests.swift in Sources */,
			);
			runOnlyForDeploymentPostprocessing = 0;
		};
/* End PBXSourcesBuildPhase section */

/* Begin PBXTargetDependency section */
		2A3C632A2552CF8D00996077 /* PBXTargetDependency */ = {
			isa = PBXTargetDependency;
			target = 2A3C63112552CF8C00996077 /* FoodApp */;
			targetProxy = 2A3C63292552CF8D00996077 /* PBXContainerItemProxy */;
		};
		2A3C63352552CF8E00996077 /* PBXTargetDependency */ = {
			isa = PBXTargetDependency;
			target = 2A3C63112552CF8C00996077 /* FoodApp */;
			targetProxy = 2A3C63342552CF8E00996077 /* PBXContainerItemProxy */;
		};
/* End PBXTargetDependency section */

/* Begin PBXVariantGroup section */
		2A3C63202552CF8D00996077 /* LaunchScreen.storyboard */ = {
			isa = PBXVariantGroup;
			children = (
				2A3C63212552CF8D00996077 /* Base */,
			);
			name = LaunchScreen.storyboard;
			sourceTree = "<group>";
		};
/* End PBXVariantGroup section */

/* Begin XCBuildConfiguration section */
		2A3C633A2552CF8E00996077 /* Debug */ = {
			isa = XCBuildConfiguration;
			buildSettings = {
				ALWAYS_SEARCH_USER_PATHS = NO;
				CLANG_ANALYZER_NONNULL = YES;
				CLANG_ANALYZER_NUMBER_OBJECT_CONVERSION = YES_AGGRESSIVE;
				CLANG_CXX_LANGUAGE_STANDARD = "gnu++14";
				CLANG_CXX_LIBRARY = "libc++";
				CLANG_ENABLE_MODULES = YES;
				CLANG_ENABLE_OBJC_ARC = YES;
				CLANG_ENABLE_OBJC_WEAK = YES;
				CLANG_WARN_BLOCK_CAPTURE_AUTORELEASING = YES;
				CLANG_WARN_BOOL_CONVERSION = YES;
				CLANG_WARN_COMMA = YES;
				CLANG_WARN_CONSTANT_CONVERSION = YES;
				CLANG_WARN_DEPRECATED_OBJC_IMPLEMENTATIONS = YES;
				CLANG_WARN_DIRECT_OBJC_ISA_USAGE = YES_ERROR;
				CLANG_WARN_DOCUMENTATION_COMMENTS = YES;
				CLANG_WARN_EMPTY_BODY = YES;
				CLANG_WARN_ENUM_CONVERSION = YES;
				CLANG_WARN_INFINITE_RECURSION = YES;
				CLANG_WARN_INT_CONVERSION = YES;
				CLANG_WARN_NON_LITERAL_NULL_CONVERSION = YES;
				CLANG_WARN_OBJC_IMPLICIT_RETAIN_SELF = YES;
				CLANG_WARN_OBJC_LITERAL_CONVERSION = YES;
				CLANG_WARN_OBJC_ROOT_CLASS = YES_ERROR;
				CLANG_WARN_QUOTED_INCLUDE_IN_FRAMEWORK_HEADER = YES;
				CLANG_WARN_RANGE_LOOP_ANALYSIS = YES;
				CLANG_WARN_STRICT_PROTOTYPES = YES;
				CLANG_WARN_SUSPICIOUS_MOVE = YES;
				CLANG_WARN_UNGUARDED_AVAILABILITY = YES_AGGRESSIVE;
				CLANG_WARN_UNREACHABLE_CODE = YES;
				CLANG_WARN__DUPLICATE_METHOD_MATCH = YES;
				COPY_PHASE_STRIP = NO;
				DEBUG_INFORMATION_FORMAT = dwarf;
				ENABLE_STRICT_OBJC_MSGSEND = YES;
				ENABLE_TESTABILITY = YES;
				GCC_C_LANGUAGE_STANDARD = gnu11;
				GCC_DYNAMIC_NO_PIC = NO;
				GCC_NO_COMMON_BLOCKS = YES;
				GCC_OPTIMIZATION_LEVEL = 0;
				GCC_PREPROCESSOR_DEFINITIONS = (
					"DEBUG=1",
					"$(inherited)",
				);
				GCC_WARN_64_TO_32_BIT_CONVERSION = YES;
				GCC_WARN_ABOUT_RETURN_TYPE = YES_ERROR;
				GCC_WARN_UNDECLARED_SELECTOR = YES;
				GCC_WARN_UNINITIALIZED_AUTOS = YES_AGGRESSIVE;
				GCC_WARN_UNUSED_FUNCTION = YES;
				GCC_WARN_UNUSED_VARIABLE = YES;
				IPHONEOS_DEPLOYMENT_TARGET = 13.0;
				MTL_ENABLE_DEBUG_INFO = INCLUDE_SOURCE;
				MTL_FAST_MATH = YES;
				ONLY_ACTIVE_ARCH = YES;
				SDKROOT = iphoneos;
				SWIFT_ACTIVE_COMPILATION_CONDITIONS = DEBUG;
				SWIFT_OPTIMIZATION_LEVEL = "-Onone";
			};
			name = Debug;
		};
		2A3C633B2552CF8E00996077 /* Release */ = {
			isa = XCBuildConfiguration;
			buildSettings = {
				ALWAYS_SEARCH_USER_PATHS = NO;
				CLANG_ANALYZER_NONNULL = YES;
				CLANG_ANALYZER_NUMBER_OBJECT_CONVERSION = YES_AGGRESSIVE;
				CLANG_CXX_LANGUAGE_STANDARD = "gnu++14";
				CLANG_CXX_LIBRARY = "libc++";
				CLANG_ENABLE_MODULES = YES;
				CLANG_ENABLE_OBJC_ARC = YES;
				CLANG_ENABLE_OBJC_WEAK = YES;
				CLANG_WARN_BLOCK_CAPTURE_AUTORELEASING = YES;
				CLANG_WARN_BOOL_CONVERSION = YES;
				CLANG_WARN_COMMA = YES;
				CLANG_WARN_CONSTANT_CONVERSION = YES;
				CLANG_WARN_DEPRECATED_OBJC_IMPLEMENTATIONS = YES;
				CLANG_WARN_DIRECT_OBJC_ISA_USAGE = YES_ERROR;
				CLANG_WARN_DOCUMENTATION_COMMENTS = YES;
				CLANG_WARN_EMPTY_BODY = YES;
				CLANG_WARN_ENUM_CONVERSION = YES;
				CLANG_WARN_INFINITE_RECURSION = YES;
				CLANG_WARN_INT_CONVERSION = YES;
				CLANG_WARN_NON_LITERAL_NULL_CONVERSION = YES;
				CLANG_WARN_OBJC_IMPLICIT_RETAIN_SELF = YES;
				CLANG_WARN_OBJC_LITERAL_CONVERSION = YES;
				CLANG_WARN_OBJC_ROOT_CLASS = YES_ERROR;
				CLANG_WARN_QUOTED_INCLUDE_IN_FRAMEWORK_HEADER = YES;
				CLANG_WARN_RANGE_LOOP_ANALYSIS = YES;
				CLANG_WARN_STRICT_PROTOTYPES = YES;
				CLANG_WARN_SUSPICIOUS_MOVE = YES;
				CLANG_WARN_UNGUARDED_AVAILABILITY = YES_AGGRESSIVE;
				CLANG_WARN_UNREACHABLE_CODE = YES;
				CLANG_WARN__DUPLICATE_METHOD_MATCH = YES;
				COPY_PHASE_STRIP = NO;
				DEBUG_INFORMATION_FORMAT = "dwarf-with-dsym";
				ENABLE_NS_ASSERTIONS = NO;
				ENABLE_STRICT_OBJC_MSGSEND = YES;
				GCC_C_LANGUAGE_STANDARD = gnu11;
				GCC_NO_COMMON_BLOCKS = YES;
				GCC_WARN_64_TO_32_BIT_CONVERSION = YES;
				GCC_WARN_ABOUT_RETURN_TYPE = YES_ERROR;
				GCC_WARN_UNDECLARED_SELECTOR = YES;
				GCC_WARN_UNINITIALIZED_AUTOS = YES_AGGRESSIVE;
				GCC_WARN_UNUSED_FUNCTION = YES;
				GCC_WARN_UNUSED_VARIABLE = YES;
				IPHONEOS_DEPLOYMENT_TARGET = 13.0;
				MTL_ENABLE_DEBUG_INFO = NO;
				MTL_FAST_MATH = YES;
				SDKROOT = iphoneos;
				SWIFT_COMPILATION_MODE = wholemodule;
				SWIFT_OPTIMIZATION_LEVEL = "-O";
				VALIDATE_PRODUCT = YES;
			};
			name = Release;
		};
		2A3C633D2552CF8E00996077 /* Debug */ = {
			isa = XCBuildConfiguration;
			baseConfigurationReference = B6FE0E060109F671634CF634 /* Pods-FoodApp.debug.xcconfig */;
			buildSettings = {
				ASSETCATALOG_COMPILER_APPICON_NAME = AppIcon;
				ASSETCATALOG_COMPILER_GLOBAL_ACCENT_COLOR_NAME = AccentColor;
				CODE_SIGN_ENTITLEMENTS = FoodApp/FoodApp.entitlements;
				CODE_SIGN_STYLE = Automatic;
				DEVELOPMENT_TEAM = HJXQ99M5K4;
				INFOPLIST_FILE = FoodApp/Info.plist;
				IPHONEOS_DEPLOYMENT_TARGET = 13.0;
				LD_RUNPATH_SEARCH_PATHS = (
					"$(inherited)",
					"@executable_path/Frameworks",
				);
				PRODUCT_BUNDLE_IDENTIFIER = sahaTechnology.FoodApp;
				PRODUCT_NAME = "$(TARGET_NAME)";
				SWIFT_VERSION = 5.0;
				TARGETED_DEVICE_FAMILY = "1,2";
			};
			name = Debug;
		};
		2A3C633E2552CF8E00996077 /* Release */ = {
			isa = XCBuildConfiguration;
			baseConfigurationReference = AAB1C1CC3215982EB02E9FBB /* Pods-FoodApp.release.xcconfig */;
			buildSettings = {
				ASSETCATALOG_COMPILER_APPICON_NAME = AppIcon;
				ASSETCATALOG_COMPILER_GLOBAL_ACCENT_COLOR_NAME = AccentColor;
				CODE_SIGN_ENTITLEMENTS = FoodApp/FoodApp.entitlements;
				CODE_SIGN_STYLE = Automatic;
				DEVELOPMENT_TEAM = HJXQ99M5K4;
				INFOPLIST_FILE = FoodApp/Info.plist;
				IPHONEOS_DEPLOYMENT_TARGET = 13.0;
				LD_RUNPATH_SEARCH_PATHS = (
					"$(inherited)",
					"@executable_path/Frameworks",
				);
				PRODUCT_BUNDLE_IDENTIFIER = sahaTechnology.FoodApp;
				PRODUCT_NAME = "$(TARGET_NAME)";
				SWIFT_VERSION = 5.0;
				TARGETED_DEVICE_FAMILY = "1,2";
			};
			name = Release;
		};
		2A3C63402552CF8E00996077 /* Debug */ = {
			isa = XCBuildConfiguration;
			baseConfigurationReference = D65AEAF08B951B2970FC5D9E /* Pods-FoodAppTests.debug.xcconfig */;
			buildSettings = {
				ALWAYS_EMBED_SWIFT_STANDARD_LIBRARIES = YES;
				BUNDLE_LOADER = "$(TEST_HOST)";
				CODE_SIGN_STYLE = Automatic;
				DEVELOPMENT_TEAM = HJXQ99M5K4;
				INFOPLIST_FILE = FoodAppTests/Info.plist;
				IPHONEOS_DEPLOYMENT_TARGET = 14.0;
				LD_RUNPATH_SEARCH_PATHS = (
					"$(inherited)",
					"@executable_path/Frameworks",
					"@loader_path/Frameworks",
				);
				PRODUCT_BUNDLE_IDENTIFIER = sahaTechnology.FoodAppTests;
				PRODUCT_NAME = "$(TARGET_NAME)";
				SWIFT_VERSION = 5.0;
				TARGETED_DEVICE_FAMILY = "1,2";
				TEST_HOST = "$(BUILT_PRODUCTS_DIR)/FoodApp.app/FoodApp";
			};
			name = Debug;
		};
		2A3C63412552CF8E00996077 /* Release */ = {
			isa = XCBuildConfiguration;
			baseConfigurationReference = F9C4967AEFE6355738D2340C /* Pods-FoodAppTests.release.xcconfig */;
			buildSettings = {
				ALWAYS_EMBED_SWIFT_STANDARD_LIBRARIES = YES;
				BUNDLE_LOADER = "$(TEST_HOST)";
				CODE_SIGN_STYLE = Automatic;
				DEVELOPMENT_TEAM = HJXQ99M5K4;
				INFOPLIST_FILE = FoodAppTests/Info.plist;
				IPHONEOS_DEPLOYMENT_TARGET = 14.0;
				LD_RUNPATH_SEARCH_PATHS = (
					"$(inherited)",
					"@executable_path/Frameworks",
					"@loader_path/Frameworks",
				);
				PRODUCT_BUNDLE_IDENTIFIER = sahaTechnology.FoodAppTests;
				PRODUCT_NAME = "$(TARGET_NAME)";
				SWIFT_VERSION = 5.0;
				TARGETED_DEVICE_FAMILY = "1,2";
				TEST_HOST = "$(BUILT_PRODUCTS_DIR)/FoodApp.app/FoodApp";
			};
			name = Release;
		};
		2A3C63432552CF8E00996077 /* Debug */ = {
			isa = XCBuildConfiguration;
			baseConfigurationReference = 5547B312FD4CA74D65EBAC54 /* Pods-FoodApp-FoodAppUITests.debug.xcconfig */;
			buildSettings = {
				ALWAYS_EMBED_SWIFT_STANDARD_LIBRARIES = YES;
				CODE_SIGN_STYLE = Automatic;
				DEVELOPMENT_TEAM = HJXQ99M5K4;
				INFOPLIST_FILE = FoodAppUITests/Info.plist;
				LD_RUNPATH_SEARCH_PATHS = (
					"$(inherited)",
					"@executable_path/Frameworks",
					"@loader_path/Frameworks",
				);
				PRODUCT_BUNDLE_IDENTIFIER = sahaTechnology.FoodAppUITests;
				PRODUCT_NAME = "$(TARGET_NAME)";
				SWIFT_VERSION = 5.0;
				TARGETED_DEVICE_FAMILY = "1,2";
				TEST_TARGET_NAME = FoodApp;
			};
			name = Debug;
		};
		2A3C63442552CF8E00996077 /* Release */ = {
			isa = XCBuildConfiguration;
			baseConfigurationReference = A4496086233536BD81A215B1 /* Pods-FoodApp-FoodAppUITests.release.xcconfig */;
			buildSettings = {
				ALWAYS_EMBED_SWIFT_STANDARD_LIBRARIES = YES;
				CODE_SIGN_STYLE = Automatic;
				DEVELOPMENT_TEAM = HJXQ99M5K4;
				INFOPLIST_FILE = FoodAppUITests/Info.plist;
				LD_RUNPATH_SEARCH_PATHS = (
					"$(inherited)",
					"@executable_path/Frameworks",
					"@loader_path/Frameworks",
				);
				PRODUCT_BUNDLE_IDENTIFIER = sahaTechnology.FoodAppUITests;
				PRODUCT_NAME = "$(TARGET_NAME)";
				SWIFT_VERSION = 5.0;
				TARGETED_DEVICE_FAMILY = "1,2";
				TEST_TARGET_NAME = FoodApp;
			};
			name = Release;
		};
/* End XCBuildConfiguration section */

/* Begin XCConfigurationList section */
		2A3C630D2552CF8C00996077 /* Build configuration list for PBXProject "FoodApp" */ = {
			isa = XCConfigurationList;
			buildConfigurations = (
				2A3C633A2552CF8E00996077 /* Debug */,
				2A3C633B2552CF8E00996077 /* Release */,
			);
			defaultConfigurationIsVisible = 0;
			defaultConfigurationName = Release;
		};
		2A3C633C2552CF8E00996077 /* Build configuration list for PBXNativeTarget "FoodApp" */ = {
			isa = XCConfigurationList;
			buildConfigurations = (
				2A3C633D2552CF8E00996077 /* Debug */,
				2A3C633E2552CF8E00996077 /* Release */,
			);
			defaultConfigurationIsVisible = 0;
			defaultConfigurationName = Release;
		};
		2A3C633F2552CF8E00996077 /* Build configuration list for PBXNativeTarget "FoodAppTests" */ = {
			isa = XCConfigurationList;
			buildConfigurations = (
				2A3C63402552CF8E00996077 /* Debug */,
				2A3C63412552CF8E00996077 /* Release */,
			);
			defaultConfigurationIsVisible = 0;
			defaultConfigurationName = Release;
		};
		2A3C63422552CF8E00996077 /* Build configuration list for PBXNativeTarget "FoodAppUITests" */ = {
			isa = XCConfigurationList;
			buildConfigurations = (
				2A3C63432552CF8E00996077 /* Debug */,
				2A3C63442552CF8E00996077 /* Release */,
			);
			defaultConfigurationIsVisible = 0;
			defaultConfigurationName = Release;
		};
/* End XCConfigurationList section */
	};
	rootObject = 2A3C630A2552CF8C00996077 /* Project object */;
}
